// !$*UTF8*$!
{
	archiveVersion = 1;
	classes = {
	};
	objectVersion = 51;
	objects = {

/* Begin PBXBuildFile section */
		2F00B90A1FCF04E600A6D136 /* SearchViewController.swift in Sources */ = {isa = PBXBuildFile; fileRef = 2F00B9091FCF04E600A6D136 /* SearchViewController.swift */; };
		2F00DC462150DAE1007B6546 /* NewPostSettingViewController.swift in Sources */ = {isa = PBXBuildFile; fileRef = 2F00DC452150DAE1007B6546 /* NewPostSettingViewController.swift */; };
		2F01C2461EFF9CE900102CF2 /* Launch.storyboard in Resources */ = {isa = PBXBuildFile; fileRef = 2F01C2451EFF9CE900102CF2 /* Launch.storyboard */; };
		2F01C24A1EFFA46400102CF2 /* MainViewController.swift in Sources */ = {isa = PBXBuildFile; fileRef = 2F01C2491EFFA46400102CF2 /* MainViewController.swift */; };
		2F01C24C1EFFAA2E00102CF2 /* ArticleListData.swift in Sources */ = {isa = PBXBuildFile; fileRef = 2F01C24B1EFFAA2E00102CF2 /* ArticleListData.swift */; };
		2F0233B31FDFF23F00373969 /* AtData.swift in Sources */ = {isa = PBXBuildFile; fileRef = 2F0233B21FDFF23F00373969 /* AtData.swift */; };
		2F0287561FEA45A3005C2D2A /* Extensions.swift in Sources */ = {isa = PBXBuildFile; fileRef = 2F0287491FEA45A3005C2D2A /* Extensions.swift */; };
		2F09C6B31FD447E10012286C /* ChooseForumViewController.swift in Sources */ = {isa = PBXBuildFile; fileRef = 2F09C6B21FD447E10012286C /* ChooseForumViewController.swift */; };
		2F09CCFC1FD6646A00EE854C /* AboveKeyboardView.swift in Sources */ = {isa = PBXBuildFile; fileRef = 2F09CCFB1FD6646A00EE854C /* AboveKeyboardView.swift */; };
		2F16B5E31EA502420068EE20 /* AppDelegate.swift in Sources */ = {isa = PBXBuildFile; fileRef = 2F16B5E21EA502420068EE20 /* AppDelegate.swift */; };
		2F16B5E81EA502420068EE20 /* Main.storyboard in Resources */ = {isa = PBXBuildFile; fileRef = 2F16B5E61EA502420068EE20 /* Main.storyboard */; };
		2F16B5ED1EA502420068EE20 /* Assets.xcassets in Resources */ = {isa = PBXBuildFile; fileRef = 2F16B5EC1EA502420068EE20 /* Assets.xcassets */; };
		2F16B5F81EA504330068EE20 /* ForumsViewController.swift in Sources */ = {isa = PBXBuildFile; fileRef = 2F16B5F71EA504330068EE20 /* ForumsViewController.swift */; };
		2F16B66C1EA504DD0068EE20 /* Forum.swift in Sources */ = {isa = PBXBuildFile; fileRef = 2F16B66B1EA504DD0068EE20 /* Forum.swift */; };
		2F16B7501EA50A390068EE20 /* assets in Resources */ = {isa = PBXBuildFile; fileRef = 2F16B74F1EA50A390068EE20 /* assets */; };
		2F175AA51FCD0ABB00917895 /* BaseTableViewController.swift in Sources */ = {isa = PBXBuildFile; fileRef = 2F175AA41FCD0ABB00917895 /* BaseTableViewController.swift */; };
		2F175AB91FCD36B800917895 /* StarData.swift in Sources */ = {isa = PBXBuildFile; fileRef = 2F175AB81FCD36B800917895 /* StarData.swift */; };
		2F175AC71FCD37EE00917895 /* FriendData.swift in Sources */ = {isa = PBXBuildFile; fileRef = 2F175AC61FCD37EE00917895 /* FriendData.swift */; };
		2F175AC91FCD499100917895 /* KeyValueData.swift in Sources */ = {isa = PBXBuildFile; fileRef = 2F175AC81FCD499100917895 /* KeyValueData.swift */; };
		2F175ACD1FCD95F200917895 /* fontawesome-webfont.ttf in Resources */ = {isa = PBXBuildFile; fileRef = 2F175ACC1FCD95DA00917895 /* fontawesome-webfont.ttf */; };
		2F175F811F01FCCA00DDEED9 /* Utils.swift in Sources */ = {isa = PBXBuildFile; fileRef = 2F175F801F01FCCA00DDEED9 /* Utils.swift */; };
		2F175F831F02976D00DDEED9 /* SettingViewController.swift in Sources */ = {isa = PBXBuildFile; fileRef = 2F175F821F02976D00DDEED9 /* SettingViewController.swift */; };
		2F1879C8205017420007E102 /* DDDTouchPeekViewController.swift in Sources */ = {isa = PBXBuildFile; fileRef = 2F1879C7205017420007E102 /* DDDTouchPeekViewController.swift */; };
		2F1C30FD1FEBDCD900498C96 /* SmileyToolbar.swift in Sources */ = {isa = PBXBuildFile; fileRef = 2F1C30E91FEBDCD800498C96 /* SmileyToolbar.swift */; };
		2F1C30FE1FEBDCD900498C96 /* ImageAttachment.swift in Sources */ = {isa = PBXBuildFile; fileRef = 2F1C30F61FEBDCD800498C96 /* ImageAttachment.swift */; };
		2F1C30FF1FEBDCD900498C96 /* SmileyView.xib in Resources */ = {isa = PBXBuildFile; fileRef = 2F1C30F71FEBDCD900498C96 /* SmileyView.xib */; };
		2F1C31001FEBDCD900498C96 /* SmileyManager.swift in Sources */ = {isa = PBXBuildFile; fileRef = 2F1C30F81FEBDCD900498C96 /* SmileyManager.swift */; };
		2F1C31011FEBDCD900498C96 /* SmileyCollectionLayout.swift in Sources */ = {isa = PBXBuildFile; fileRef = 2F1C30F91FEBDCD900498C96 /* SmileyCollectionLayout.swift */; };
		2F1C31021FEBDCD900498C96 /* RitchTextView.swift in Sources */ = {isa = PBXBuildFile; fileRef = 2F1C30FA1FEBDCD900498C96 /* RitchTextView.swift */; };
		2F1C31031FEBDCD900498C96 /* SmileyView.swift in Sources */ = {isa = PBXBuildFile; fileRef = 2F1C30FB1FEBDCD900498C96 /* SmileyView.swift */; };
		2F1C31041FEBDCD900498C96 /* SmileyCell.swift in Sources */ = {isa = PBXBuildFile; fileRef = 2F1C30FC1FEBDCD900498C96 /* SmileyCell.swift */; };
		2F1C310A1FEBDFD500498C96 /* ToolbarView.xib in Resources */ = {isa = PBXBuildFile; fileRef = 2F1C31091FEBDFD500498C96 /* ToolbarView.xib */; };
		2F1C31101FEBF6AF00498C96 /* SimpleReplyView.swift in Sources */ = {isa = PBXBuildFile; fileRef = 2F1C310F1FEBF6AF00498C96 /* SimpleReplyView.swift */; };
		2F24B9931FCE9213001D287E /* Reachability.swift in Sources */ = {isa = PBXBuildFile; fileRef = 2F24B9921FCE9213001D287E /* Reachability.swift */; };
		2F2670491FEFAADC00AB291D /* SearchData.swift in Sources */ = {isa = PBXBuildFile; fileRef = 2F2670481FEFAADC00AB291D /* SearchData.swift */; };
		2F2670571FEFE78100AB291D /* LinkClickHandler.swift in Sources */ = {isa = PBXBuildFile; fileRef = 2F2670561FEFE78100AB291D /* LinkClickHandler.swift */; };
		2F2670591FEFE93400AB291D /* UrlItem.swift in Sources */ = {isa = PBXBuildFile; fileRef = 2F2670581FEFE93400AB291D /* UrlItem.swift */; };
		2F35E9AE1F00F69E00CDD60D /* LoadMoreView.swift in Sources */ = {isa = PBXBuildFile; fileRef = 2F35E9AD1F00F69E00CDD60D /* LoadMoreView.swift */; };
		2F35E9B01F00F6ED00CDD60D /* LoadMoreView.xib in Resources */ = {isa = PBXBuildFile; fileRef = 2F35E9AF1F00F6ED00CDD60D /* LoadMoreView.xib */; };
		2F37A08F1FE3F78900493A59 /* WaterFallCollectionViewLayout.swift in Sources */ = {isa = PBXBuildFile; fileRef = 2F37A08E1FE3F78900493A59 /* WaterFallCollectionViewLayout.swift */; };
		2F37A09F1FE404E400493A59 /* ImageGridPostsViewController.swift in Sources */ = {isa = PBXBuildFile; fileRef = 2F37A09E1FE404E400493A59 /* ImageGridPostsViewController.swift */; };
		2F37A0AD1FE4155600493A59 /* PostsType.swift in Sources */ = {isa = PBXBuildFile; fileRef = 2F37A0AC1FE4155600493A59 /* PostsType.swift */; };
		2F3885731FE2A883000749F4 /* ThemeViewController.swift in Sources */ = {isa = PBXBuildFile; fileRef = 2F3885721FE2A883000749F4 /* ThemeViewController.swift */; };
		2F3885811FE2B022000749F4 /* ColorItemView.swift in Sources */ = {isa = PBXBuildFile; fileRef = 2F3885801FE2B022000749F4 /* ColorItemView.swift */; };
		2F3885831FE2B33A000749F4 /* ThemeManager.swift in Sources */ = {isa = PBXBuildFile; fileRef = 2F3885821FE2B33A000749F4 /* ThemeManager.swift */; };
		2F3B29531FEA450B00C34F13 /* Extension.swift in Sources */ = {isa = PBXBuildFile; fileRef = 2F3B29521FEA450A00C34F13 /* Extension.swift */; };
		2F3C7BA71FF3B2E800CC2CB3 /* ReplyCzViewController.swift in Sources */ = {isa = PBXBuildFile; fileRef = 2F3C7BA61FF3B2E800CC2CB3 /* ReplyCzViewController.swift */; };
		2F3DDA9D1FED41600082C670 /* HtmlLabel.swift in Sources */ = {isa = PBXBuildFile; fileRef = 2F3DDA9C1FED41600082C670 /* HtmlLabel.swift */; };
		2F42FE901F03A31900CC8C92 /* HistoryViewController.swift in Sources */ = {isa = PBXBuildFile; fileRef = 2F42FE8F1F03A31900CC8C92 /* HistoryViewController.swift */; };
		2F42FE921F03A92300CC8C92 /* StarViewController.swift in Sources */ = {isa = PBXBuildFile; fileRef = 2F42FE911F03A92300CC8C92 /* StarViewController.swift */; };
		2F5DF0C51EFE750A00428EE1 /* Settings.swift in Sources */ = {isa = PBXBuildFile; fileRef = 2F5DF0C41EFE750A00428EE1 /* Settings.swift */; };
		2F5DF0C71EFE7A3200428EE1 /* HttpUtil.swift in Sources */ = {isa = PBXBuildFile; fileRef = 2F5DF0C61EFE7A3200428EE1 /* HttpUtil.swift */; };
		2F63A41A213A86090074201B /* AgreementViewController.swift in Sources */ = {isa = PBXBuildFile; fileRef = 2F63A419213A86090074201B /* AgreementViewController.swift */; };
		2F63A41C213AD4D10074201B /* SpotlightManager.swift in Sources */ = {isa = PBXBuildFile; fileRef = 2F63A41B213AD4D10074201B /* SpotlightManager.swift */; };
		2F63F1CA213BA35000531EF4 /* PasswordViewController.swift in Sources */ = {isa = PBXBuildFile; fileRef = 2F63F1C9213BA35000531EF4 /* PasswordViewController.swift */; };
		2F63F24F1FE4E7F2005FCD29 /* SQLiteDatabase.swift in Sources */ = {isa = PBXBuildFile; fileRef = 2F63F24E1FE4E7F2005FCD29 /* SQLiteDatabase.swift */; };
		2F63F2521FE4E857005FCD29 /* SQLiteError.swift in Sources */ = {isa = PBXBuildFile; fileRef = 2F63F2511FE4E857005FCD29 /* SQLiteError.swift */; };
		2F6679E9208342750010F3AB /* HtmlArrawLabel.swift in Sources */ = {isa = PBXBuildFile; fileRef = 2F6679E8208342750010F3AB /* HtmlArrawLabel.swift */; };
		2F6679EB208348560010F3AB /* ScrollTopable.swift in Sources */ = {isa = PBXBuildFile; fileRef = 2F6679EA208348560010F3AB /* ScrollTopable.swift */; };
		2F72891920542223000EC5C9 /* WebViewController.swift in Sources */ = {isa = PBXBuildFile; fileRef = 2F72891820542223000EC5C9 /* WebViewController.swift */; };
		2F77A66B201AFA5300322B28 /* InputValidController.swift in Sources */ = {isa = PBXBuildFile; fileRef = 2F77A66A201AFA5300322B28 /* InputValidController.swift */; };
		2F7A9E631F03AF3900994123 /* FriendViewController.swift in Sources */ = {isa = PBXBuildFile; fileRef = 2F7A9E621F03AF3900994123 /* FriendViewController.swift */; };
		2F7A9E651F03AF6900994123 /* MyPostsViewController.swift in Sources */ = {isa = PBXBuildFile; fileRef = 2F7A9E641F03AF6900994123 /* MyPostsViewController.swift */; };
		2F7A9E671F03AFB300994123 /* UserDetailViewController.swift in Sources */ = {isa = PBXBuildFile; fileRef = 2F7A9E661F03AFB300994123 /* UserDetailViewController.swift */; };
		2F7C75B11EFE356F0067D499 /* SignViewController.swift in Sources */ = {isa = PBXBuildFile; fileRef = 2F7C75B01EFE356F0067D499 /* SignViewController.swift */; };
		2F848A8B1FF0CE4E0089177B /* RSRefreshControl.swift in Sources */ = {isa = PBXBuildFile; fileRef = 2F848A8A1FF0CE4E0089177B /* RSRefreshControl.swift */; };
		2F848A9C1FF0E0830089177B /* RSRefreshState.swift in Sources */ = {isa = PBXBuildFile; fileRef = 2F848A9B1FF0E0830089177B /* RSRefreshState.swift */; };
		2F8AB78F1FE6B39B00C3AFA8 /* UploadImageItem.swift in Sources */ = {isa = PBXBuildFile; fileRef = 2F8AB78E1FE6B39B00C3AFA8 /* UploadImageItem.swift */; };
		2F8AD6961EA787EE002540AA /* LoginViewController.swift in Sources */ = {isa = PBXBuildFile; fileRef = 2F8AD6951EA787EE002540AA /* LoginViewController.swift */; };
		2F8CDA4F1EFD782D006FE6EC /* AboutViewController.swift in Sources */ = {isa = PBXBuildFile; fileRef = 2F8CDA4E1EFD782D006FE6EC /* AboutViewController.swift */; };
		2F8E7C5E1FF276410007B6E6 /* TagLabel.swift in Sources */ = {isa = PBXBuildFile; fileRef = 2F8E7C5D1FF276410007B6E6 /* TagLabel.swift */; };
		2F8E7C621FF290870007B6E6 /* SimpleReplyView.xib in Resources */ = {isa = PBXBuildFile; fileRef = 2F8E7C611FF290870007B6E6 /* SimpleReplyView.xib */; };
		2F8E7C661FF2933A0007B6E6 /* ToolbarView.swift in Sources */ = {isa = PBXBuildFile; fileRef = 2F8E7C651FF2933A0007B6E6 /* ToolbarView.swift */; };
		2F9771E51EA615A90058EDB4 /* MyViewController.swift in Sources */ = {isa = PBXBuildFile; fileRef = 2F9771E41EA615A90058EDB4 /* MyViewController.swift */; };
		2F9771E71EA648070058EDB4 /* HotViewController.swift in Sources */ = {isa = PBXBuildFile; fileRef = 2F9771E61EA648070058EDB4 /* HotViewController.swift */; };
		2F9772461EA65A3F0058EDB4 /* Constant.swift in Sources */ = {isa = PBXBuildFile; fileRef = 2F9772451EA65A3F0058EDB4 /* Constant.swift */; };
		2FA780ED1EA8603800ACBEAF /* PostViewController.swift in Sources */ = {isa = PBXBuildFile; fileRef = 2FA780EC1EA8603800ACBEAF /* PostViewController.swift */; };
		2FA9EC1B21AD93B200A5BFFF /* MoneyConfig.swift in Sources */ = {isa = PBXBuildFile; fileRef = 2FA9EC1A21AD93B200A5BFFF /* MoneyConfig.swift */; };
		2FAB94DE21AE6DCB0094E2D5 /* VoteData.swift in Sources */ = {isa = PBXBuildFile; fileRef = 2FAB94DD21AE6DCB0094E2D5 /* VoteData.swift */; };
		2FAB94E021AE99510094E2D5 /* VoteViewController.swift in Sources */ = {isa = PBXBuildFile; fileRef = 2FAB94DF21AE99510094E2D5 /* VoteViewController.swift */; };
		2FAFE0B71FE94F3B00AD7FDC /* HtmlTag.swift in Sources */ = {isa = PBXBuildFile; fileRef = 2FAFE0AE1FE94F3A00AD7FDC /* HtmlTag.swift */; };
		2FAFE0B81FE94F3B00AD7FDC /* HtmlNode.swift in Sources */ = {isa = PBXBuildFile; fileRef = 2FAFE0AF1FE94F3A00AD7FDC /* HtmlNode.swift */; };
		2FAFE0B91FE94F3B00AD7FDC /* HtmlAttr.swift in Sources */ = {isa = PBXBuildFile; fileRef = 2FAFE0B01FE94F3A00AD7FDC /* HtmlAttr.swift */; };
		2FAFE0BA1FE94F3B00AD7FDC /* AtrributeConveter.swift in Sources */ = {isa = PBXBuildFile; fileRef = 2FAFE0B11FE94F3A00AD7FDC /* AtrributeConveter.swift */; };
		2FAFE0BB1FE94F3B00AD7FDC /* HtmlParser.swift in Sources */ = {isa = PBXBuildFile; fileRef = 2FAFE0B21FE94F3B00AD7FDC /* HtmlParser.swift */; };
		2FAFE0BC1FE94F3B00AD7FDC /* HtmlTextView.swift in Sources */ = {isa = PBXBuildFile; fileRef = 2FAFE0B31FE94F3B00AD7FDC /* HtmlTextView.swift */; };
		2FAFE0BD1FE94F3B00AD7FDC /* HtmlParserDelegate.swift in Sources */ = {isa = PBXBuildFile; fileRef = 2FAFE0B41FE94F3B00AD7FDC /* HtmlParserDelegate.swift */; };
		2FAFE0BE1FE94F3B00AD7FDC /* LinkClickType.swift in Sources */ = {isa = PBXBuildFile; fileRef = 2FAFE0B51FE94F3B00AD7FDC /* LinkClickType.swift */; };
		2FAFE0BF1FE94F3B00AD7FDC /* ImageGetter.swift in Sources */ = {isa = PBXBuildFile; fileRef = 2FAFE0B61FE94F3B00AD7FDC /* ImageGetter.swift */; };
		2FAFE0D01FE956F900AD7FDC /* GalleryConfiguration.swift in Sources */ = {isa = PBXBuildFile; fileRef = 2FAFE0C11FE956F800AD7FDC /* GalleryConfiguration.swift */; };
		2FAFE0D21FE956F900AD7FDC /* GalleryItemsDataSource.swift in Sources */ = {isa = PBXBuildFile; fileRef = 2FAFE0C31FE956F800AD7FDC /* GalleryItemsDataSource.swift */; };
		2FAFE0D31FE956F900AD7FDC /* GalleryPagingDataSource.swift in Sources */ = {isa = PBXBuildFile; fileRef = 2FAFE0C41FE956F800AD7FDC /* GalleryPagingDataSource.swift */; };
		2FAFE0D41FE956F900AD7FDC /* ItemBaseController.swift in Sources */ = {isa = PBXBuildFile; fileRef = 2FAFE0C51FE956F800AD7FDC /* ItemBaseController.swift */; };
		2FAFE0D51FE956F900AD7FDC /* ItemController.swift in Sources */ = {isa = PBXBuildFile; fileRef = 2FAFE0C61FE956F800AD7FDC /* ItemController.swift */; };
		2FAFE0D61FE956F900AD7FDC /* GalleryDisplacedViewsDataSource.swift in Sources */ = {isa = PBXBuildFile; fileRef = 2FAFE0C71FE956F800AD7FDC /* GalleryDisplacedViewsDataSource.swift */; };
		2FAFE0D71FE956F900AD7FDC /* ItemControllerDelegate.swift in Sources */ = {isa = PBXBuildFile; fileRef = 2FAFE0C81FE956F800AD7FDC /* ItemControllerDelegate.swift */; };
		2FAFE0D81FE956F900AD7FDC /* CounterView.swift in Sources */ = {isa = PBXBuildFile; fileRef = 2FAFE0C91FE956F800AD7FDC /* CounterView.swift */; };
		2FAFE0D91FE956F900AD7FDC /* GalleryViewController.swift in Sources */ = {isa = PBXBuildFile; fileRef = 2FAFE0CA1FE956F800AD7FDC /* GalleryViewController.swift */; };
		2FAFE0DA1FE956F900AD7FDC /* GallerySwipeToDismissTransition.swift in Sources */ = {isa = PBXBuildFile; fileRef = 2FAFE0CB1FE956F800AD7FDC /* GallerySwipeToDismissTransition.swift */; };
		2FAFE0DB1FE956F900AD7FDC /* ImageFadeInHandler.swift in Sources */ = {isa = PBXBuildFile; fileRef = 2FAFE0CC1FE956F800AD7FDC /* ImageFadeInHandler.swift */; };
		2FAFE0DC1FE956F900AD7FDC /* ImageViewController.swift in Sources */ = {isa = PBXBuildFile; fileRef = 2FAFE0CD1FE956F900AD7FDC /* ImageViewController.swift */; };
		2FAFE0DD1FE956F900AD7FDC /* BlurView.swift in Sources */ = {isa = PBXBuildFile; fileRef = 2FAFE0CE1FE956F900AD7FDC /* BlurView.swift */; };
		2FAFE0DE1FE956F900AD7FDC /* UtilityFunctions.swift in Sources */ = {isa = PBXBuildFile; fileRef = 2FAFE0CF1FE956F900AD7FDC /* UtilityFunctions.swift */; };
		2FB16E071FD817A800863BF9 /* LTHRadioButton.swift in Sources */ = {isa = PBXBuildFile; fileRef = 2FB16E061FD817A800863BF9 /* LTHRadioButton.swift */; };
		2FB3A76F1FDFB07D002FE2F5 /* ChooseFriendViewController.swift in Sources */ = {isa = PBXBuildFile; fileRef = 2FB3A76E1FDFB07D002FE2F5 /* ChooseFriendViewController.swift */; };
		2FB627771FC980E3005D33F0 /* History.swift in Sources */ = {isa = PBXBuildFile; fileRef = 2FB627761FC980E3005D33F0 /* History.swift */; };
		2FD4ADC81EA7371400602516 /* MessageViewController.swift in Sources */ = {isa = PBXBuildFile; fileRef = 2FD4ADC71EA7371400602516 /* MessageViewController.swift */; };
		2FD4ADCB1EA74D4200602516 /* ArrowLabel.swift in Sources */ = {isa = PBXBuildFile; fileRef = 2FD4ADCA1EA74D4200602516 /* ArrowLabel.swift */; };
		2FD4ADCD1EA75C3400602516 /* PostsViewController.swift in Sources */ = {isa = PBXBuildFile; fileRef = 2FD4ADCC1EA75C3400602516 /* PostsViewController.swift */; };
		2FEBEFB71FD0286E0037E7A4 /* ChatViewController.swift in Sources */ = {isa = PBXBuildFile; fileRef = 2FEBEFB61FD0286E0037E7A4 /* ChatViewController.swift */; };
		2FEBEFB91FD0288A0037E7A4 /* ChatData.swift in Sources */ = {isa = PBXBuildFile; fileRef = 2FEBEFB81FD0288A0037E7A4 /* ChatData.swift */; };
		2FEDBB631F1113A6006E645D /* PostData.swift in Sources */ = {isa = PBXBuildFile; fileRef = 2FEDBB621F1113A6006E645D /* PostData.swift */; };
		2FEDBDD11FD434360048CE6C /* NewPostViewController.swift in Sources */ = {isa = PBXBuildFile; fileRef = 2FEDBDD01FD434360048CE6C /* NewPostViewController.swift */; };
		2FF5F9831FE95DF700C6535D /* AlbumData.swift in Sources */ = {isa = PBXBuildFile; fileRef = 2FF5F9821FE95DF700C6535D /* AlbumData.swift */; };
		2FF7B1B020550B5C00DE202E /* RegisterViewController.swift in Sources */ = {isa = PBXBuildFile; fileRef = 2FF7B1AF20550B5C00DE202E /* RegisterViewController.swift */; };
		2FF7B1B220557ADC00DE202E /* ForgetPasswordController.swift in Sources */ = {isa = PBXBuildFile; fileRef = 2FF7B1B120557ADC00DE202E /* ForgetPasswordController.swift */; };
		2FF905851F125F4500B88DA6 /* MessageData.swift in Sources */ = {isa = PBXBuildFile; fileRef = 2FF905841F125F4500B88DA6 /* MessageData.swift */; };
		984BEE229C75F1F36A692B31 /* Pods_Ruisi.framework in Frameworks */ = {isa = PBXBuildFile; fileRef = FCB3DD8EC910C367A9D2527A /* Pods_Ruisi.framework */; };
/* End PBXBuildFile section */

/* Begin PBXCopyFilesBuildPhase section */
		2F4FDA131FCC4A9D00CD2A7D /* Embed Frameworks */ = {
			isa = PBXCopyFilesBuildPhase;
			buildActionMask = 2147483647;
			dstPath = "";
			dstSubfolderSpec = 10;
			files = (
			);
			name = "Embed Frameworks";
			runOnlyForDeploymentPostprocessing = 0;
		};
/* End PBXCopyFilesBuildPhase section */

/* Begin PBXFileReference section */
		2F00B9091FCF04E600A6D136 /* SearchViewController.swift */ = {isa = PBXFileReference; lastKnownFileType = sourcecode.swift; path = SearchViewController.swift; sourceTree = "<group>"; };
		2F00DC452150DAE1007B6546 /* NewPostSettingViewController.swift */ = {isa = PBXFileReference; lastKnownFileType = sourcecode.swift; path = NewPostSettingViewController.swift; sourceTree = "<group>"; };
		2F01C2451EFF9CE900102CF2 /* Launch.storyboard */ = {isa = PBXFileReference; fileEncoding = 4; lastKnownFileType = file.storyboard; path = Launch.storyboard; sourceTree = "<group>"; };
		2F01C2491EFFA46400102CF2 /* MainViewController.swift */ = {isa = PBXFileReference; fileEncoding = 4; lastKnownFileType = sourcecode.swift; path = MainViewController.swift; sourceTree = "<group>"; };
		2F01C24B1EFFAA2E00102CF2 /* ArticleListData.swift */ = {isa = PBXFileReference; fileEncoding = 4; lastKnownFileType = sourcecode.swift; path = ArticleListData.swift; sourceTree = "<group>"; };
		2F0233B21FDFF23F00373969 /* AtData.swift */ = {isa = PBXFileReference; lastKnownFileType = sourcecode.swift; path = AtData.swift; sourceTree = "<group>"; };
		2F0287491FEA45A3005C2D2A /* Extensions.swift */ = {isa = PBXFileReference; fileEncoding = 4; lastKnownFileType = sourcecode.swift; path = Extensions.swift; sourceTree = "<group>"; };
		2F09C6B21FD447E10012286C /* ChooseForumViewController.swift */ = {isa = PBXFileReference; lastKnownFileType = sourcecode.swift; path = ChooseForumViewController.swift; sourceTree = "<group>"; };
		2F09CCFB1FD6646A00EE854C /* AboveKeyboardView.swift */ = {isa = PBXFileReference; lastKnownFileType = sourcecode.swift; path = AboveKeyboardView.swift; sourceTree = "<group>"; };
		2F16B5DF1EA502420068EE20 /* Ruisi.app */ = {isa = PBXFileReference; explicitFileType = wrapper.application; includeInIndex = 0; path = Ruisi.app; sourceTree = BUILT_PRODUCTS_DIR; };
		2F16B5E21EA502420068EE20 /* AppDelegate.swift */ = {isa = PBXFileReference; lastKnownFileType = sourcecode.swift; path = AppDelegate.swift; sourceTree = "<group>"; };
		2F16B5E71EA502420068EE20 /* Base */ = {isa = PBXFileReference; lastKnownFileType = file.storyboard; name = Base; path = Base.lproj/Main.storyboard; sourceTree = "<group>"; };
		2F16B5EC1EA502420068EE20 /* Assets.xcassets */ = {isa = PBXFileReference; lastKnownFileType = folder.assetcatalog; path = Assets.xcassets; sourceTree = "<group>"; };
		2F16B5F71EA504330068EE20 /* ForumsViewController.swift */ = {isa = PBXFileReference; fileEncoding = 4; lastKnownFileType = sourcecode.swift; path = ForumsViewController.swift; sourceTree = "<group>"; };
		2F16B66B1EA504DD0068EE20 /* Forum.swift */ = {isa = PBXFileReference; fileEncoding = 4; lastKnownFileType = sourcecode.swift; path = Forum.swift; sourceTree = "<group>"; };
		2F16B74F1EA50A390068EE20 /* assets */ = {isa = PBXFileReference; lastKnownFileType = folder; path = assets; sourceTree = "<group>"; };
		2F175AA41FCD0ABB00917895 /* BaseTableViewController.swift */ = {isa = PBXFileReference; lastKnownFileType = sourcecode.swift; path = BaseTableViewController.swift; sourceTree = "<group>"; };
		2F175AB81FCD36B800917895 /* StarData.swift */ = {isa = PBXFileReference; lastKnownFileType = sourcecode.swift; path = StarData.swift; sourceTree = "<group>"; };
		2F175AC61FCD37EE00917895 /* FriendData.swift */ = {isa = PBXFileReference; lastKnownFileType = sourcecode.swift; path = FriendData.swift; sourceTree = "<group>"; };
		2F175AC81FCD499100917895 /* KeyValueData.swift */ = {isa = PBXFileReference; lastKnownFileType = sourcecode.swift; path = KeyValueData.swift; sourceTree = "<group>"; };
		2F175ACC1FCD95DA00917895 /* fontawesome-webfont.ttf */ = {isa = PBXFileReference; lastKnownFileType = file; path = "fontawesome-webfont.ttf"; sourceTree = "<group>"; };
		2F175F801F01FCCA00DDEED9 /* Utils.swift */ = {isa = PBXFileReference; fileEncoding = 4; lastKnownFileType = sourcecode.swift; path = Utils.swift; sourceTree = "<group>"; };
		2F175F821F02976D00DDEED9 /* SettingViewController.swift */ = {isa = PBXFileReference; fileEncoding = 4; lastKnownFileType = sourcecode.swift; path = SettingViewController.swift; sourceTree = "<group>"; };
		2F1879C7205017420007E102 /* DDDTouchPeekViewController.swift */ = {isa = PBXFileReference; lastKnownFileType = sourcecode.swift; path = DDDTouchPeekViewController.swift; sourceTree = "<group>"; };
		2F1C30E91FEBDCD800498C96 /* SmileyToolbar.swift */ = {isa = PBXFileReference; fileEncoding = 4; lastKnownFileType = sourcecode.swift; path = SmileyToolbar.swift; sourceTree = "<group>"; };
		2F1C30F61FEBDCD800498C96 /* ImageAttachment.swift */ = {isa = PBXFileReference; fileEncoding = 4; lastKnownFileType = sourcecode.swift; path = ImageAttachment.swift; sourceTree = "<group>"; };
		2F1C30F71FEBDCD900498C96 /* SmileyView.xib */ = {isa = PBXFileReference; fileEncoding = 4; lastKnownFileType = file.xib; path = SmileyView.xib; sourceTree = "<group>"; };
		2F1C30F81FEBDCD900498C96 /* SmileyManager.swift */ = {isa = PBXFileReference; fileEncoding = 4; lastKnownFileType = sourcecode.swift; path = SmileyManager.swift; sourceTree = "<group>"; };
		2F1C30F91FEBDCD900498C96 /* SmileyCollectionLayout.swift */ = {isa = PBXFileReference; fileEncoding = 4; lastKnownFileType = sourcecode.swift; path = SmileyCollectionLayout.swift; sourceTree = "<group>"; };
		2F1C30FA1FEBDCD900498C96 /* RitchTextView.swift */ = {isa = PBXFileReference; fileEncoding = 4; lastKnownFileType = sourcecode.swift; path = RitchTextView.swift; sourceTree = "<group>"; };
		2F1C30FB1FEBDCD900498C96 /* SmileyView.swift */ = {isa = PBXFileReference; fileEncoding = 4; lastKnownFileType = sourcecode.swift; path = SmileyView.swift; sourceTree = "<group>"; };
		2F1C30FC1FEBDCD900498C96 /* SmileyCell.swift */ = {isa = PBXFileReference; fileEncoding = 4; lastKnownFileType = sourcecode.swift; path = SmileyCell.swift; sourceTree = "<group>"; };
		2F1C31091FEBDFD500498C96 /* ToolbarView.xib */ = {isa = PBXFileReference; lastKnownFileType = file.xib; path = ToolbarView.xib; sourceTree = "<group>"; };
		2F1C310F1FEBF6AF00498C96 /* SimpleReplyView.swift */ = {isa = PBXFileReference; lastKnownFileType = sourcecode.swift; path = SimpleReplyView.swift; sourceTree = "<group>"; };
		2F24B9921FCE9213001D287E /* Reachability.swift */ = {isa = PBXFileReference; lastKnownFileType = sourcecode.swift; path = Reachability.swift; sourceTree = "<group>"; };
		2F2670481FEFAADC00AB291D /* SearchData.swift */ = {isa = PBXFileReference; lastKnownFileType = sourcecode.swift; path = SearchData.swift; sourceTree = "<group>"; };
		2F2670561FEFE78100AB291D /* LinkClickHandler.swift */ = {isa = PBXFileReference; lastKnownFileType = sourcecode.swift; path = LinkClickHandler.swift; sourceTree = "<group>"; };
		2F2670581FEFE93400AB291D /* UrlItem.swift */ = {isa = PBXFileReference; lastKnownFileType = sourcecode.swift; path = UrlItem.swift; sourceTree = "<group>"; };
		2F35E9AD1F00F69E00CDD60D /* LoadMoreView.swift */ = {isa = PBXFileReference; fileEncoding = 4; lastKnownFileType = sourcecode.swift; path = LoadMoreView.swift; sourceTree = "<group>"; };
		2F35E9AF1F00F6ED00CDD60D /* LoadMoreView.xib */ = {isa = PBXFileReference; fileEncoding = 4; lastKnownFileType = file.xib; path = LoadMoreView.xib; sourceTree = "<group>"; };
		2F37A08E1FE3F78900493A59 /* WaterFallCollectionViewLayout.swift */ = {isa = PBXFileReference; lastKnownFileType = sourcecode.swift; path = WaterFallCollectionViewLayout.swift; sourceTree = "<group>"; };
		2F37A09E1FE404E400493A59 /* ImageGridPostsViewController.swift */ = {isa = PBXFileReference; lastKnownFileType = sourcecode.swift; path = ImageGridPostsViewController.swift; sourceTree = "<group>"; };
		2F37A0AC1FE4155600493A59 /* PostsType.swift */ = {isa = PBXFileReference; lastKnownFileType = sourcecode.swift; path = PostsType.swift; sourceTree = "<group>"; };
		2F3885721FE2A883000749F4 /* ThemeViewController.swift */ = {isa = PBXFileReference; lastKnownFileType = sourcecode.swift; path = ThemeViewController.swift; sourceTree = "<group>"; };
		2F3885801FE2B022000749F4 /* ColorItemView.swift */ = {isa = PBXFileReference; lastKnownFileType = sourcecode.swift; path = ColorItemView.swift; sourceTree = "<group>"; };
		2F3885821FE2B33A000749F4 /* ThemeManager.swift */ = {isa = PBXFileReference; lastKnownFileType = sourcecode.swift; path = ThemeManager.swift; sourceTree = "<group>"; };
		2F3B29521FEA450A00C34F13 /* Extension.swift */ = {isa = PBXFileReference; fileEncoding = 4; lastKnownFileType = sourcecode.swift; path = Extension.swift; sourceTree = "<group>"; };
		2F3C7BA61FF3B2E800CC2CB3 /* ReplyCzViewController.swift */ = {isa = PBXFileReference; lastKnownFileType = sourcecode.swift; path = ReplyCzViewController.swift; sourceTree = "<group>"; };
		2F3DDA9C1FED41600082C670 /* HtmlLabel.swift */ = {isa = PBXFileReference; lastKnownFileType = sourcecode.swift; path = HtmlLabel.swift; sourceTree = "<group>"; };
		2F42FE8F1F03A31900CC8C92 /* HistoryViewController.swift */ = {isa = PBXFileReference; fileEncoding = 4; lastKnownFileType = sourcecode.swift; path = HistoryViewController.swift; sourceTree = "<group>"; };
		2F42FE911F03A92300CC8C92 /* StarViewController.swift */ = {isa = PBXFileReference; fileEncoding = 4; lastKnownFileType = sourcecode.swift; path = StarViewController.swift; sourceTree = "<group>"; };
		2F5DF0C41EFE750A00428EE1 /* Settings.swift */ = {isa = PBXFileReference; fileEncoding = 4; lastKnownFileType = sourcecode.swift; path = Settings.swift; sourceTree = "<group>"; };
		2F5DF0C61EFE7A3200428EE1 /* HttpUtil.swift */ = {isa = PBXFileReference; fileEncoding = 4; lastKnownFileType = sourcecode.swift; path = HttpUtil.swift; sourceTree = "<group>"; };
		2F63A419213A86090074201B /* AgreementViewController.swift */ = {isa = PBXFileReference; lastKnownFileType = sourcecode.swift; path = AgreementViewController.swift; sourceTree = "<group>"; };
		2F63A41B213AD4D10074201B /* SpotlightManager.swift */ = {isa = PBXFileReference; lastKnownFileType = sourcecode.swift; path = SpotlightManager.swift; sourceTree = "<group>"; };
		2F63F1C9213BA35000531EF4 /* PasswordViewController.swift */ = {isa = PBXFileReference; lastKnownFileType = sourcecode.swift; path = PasswordViewController.swift; sourceTree = "<group>"; };
		2F63F24E1FE4E7F2005FCD29 /* SQLiteDatabase.swift */ = {isa = PBXFileReference; lastKnownFileType = sourcecode.swift; path = SQLiteDatabase.swift; sourceTree = "<group>"; };
		2F63F2511FE4E857005FCD29 /* SQLiteError.swift */ = {isa = PBXFileReference; lastKnownFileType = sourcecode.swift; path = SQLiteError.swift; sourceTree = "<group>"; };
		2F6679E8208342750010F3AB /* HtmlArrawLabel.swift */ = {isa = PBXFileReference; lastKnownFileType = sourcecode.swift; path = HtmlArrawLabel.swift; sourceTree = "<group>"; };
		2F6679EA208348560010F3AB /* ScrollTopable.swift */ = {isa = PBXFileReference; lastKnownFileType = sourcecode.swift; path = ScrollTopable.swift; sourceTree = "<group>"; };
		2F72891820542223000EC5C9 /* WebViewController.swift */ = {isa = PBXFileReference; lastKnownFileType = sourcecode.swift; path = WebViewController.swift; sourceTree = "<group>"; };
		2F77A66A201AFA5300322B28 /* InputValidController.swift */ = {isa = PBXFileReference; lastKnownFileType = sourcecode.swift; path = InputValidController.swift; sourceTree = "<group>"; };
		2F7A9E621F03AF3900994123 /* FriendViewController.swift */ = {isa = PBXFileReference; fileEncoding = 4; lastKnownFileType = sourcecode.swift; path = FriendViewController.swift; sourceTree = "<group>"; };
		2F7A9E641F03AF6900994123 /* MyPostsViewController.swift */ = {isa = PBXFileReference; fileEncoding = 4; lastKnownFileType = sourcecode.swift; path = MyPostsViewController.swift; sourceTree = "<group>"; };
		2F7A9E661F03AFB300994123 /* UserDetailViewController.swift */ = {isa = PBXFileReference; fileEncoding = 4; lastKnownFileType = sourcecode.swift; path = UserDetailViewController.swift; sourceTree = "<group>"; };
		2F7C75B01EFE356F0067D499 /* SignViewController.swift */ = {isa = PBXFileReference; fileEncoding = 4; lastKnownFileType = sourcecode.swift; path = SignViewController.swift; sourceTree = "<group>"; };
		2F848A8A1FF0CE4E0089177B /* RSRefreshControl.swift */ = {isa = PBXFileReference; lastKnownFileType = sourcecode.swift; path = RSRefreshControl.swift; sourceTree = "<group>"; };
		2F848A9B1FF0E0830089177B /* RSRefreshState.swift */ = {isa = PBXFileReference; lastKnownFileType = sourcecode.swift; path = RSRefreshState.swift; sourceTree = "<group>"; };
		2F8AB78E1FE6B39B00C3AFA8 /* UploadImageItem.swift */ = {isa = PBXFileReference; lastKnownFileType = sourcecode.swift; path = UploadImageItem.swift; sourceTree = "<group>"; };
		2F8AD6951EA787EE002540AA /* LoginViewController.swift */ = {isa = PBXFileReference; fileEncoding = 4; lastKnownFileType = sourcecode.swift; path = LoginViewController.swift; sourceTree = "<group>"; };
		2F8C62DB2141131E0020D3C1 /* Ruisi.entitlements */ = {isa = PBXFileReference; lastKnownFileType = text.plist.entitlements; path = Ruisi.entitlements; sourceTree = "<group>"; };
		2F8CDA4E1EFD782D006FE6EC /* AboutViewController.swift */ = {isa = PBXFileReference; fileEncoding = 4; lastKnownFileType = sourcecode.swift; path = AboutViewController.swift; sourceTree = "<group>"; };
		2F8E7C5D1FF276410007B6E6 /* TagLabel.swift */ = {isa = PBXFileReference; lastKnownFileType = sourcecode.swift; path = TagLabel.swift; sourceTree = "<group>"; };
		2F8E7C611FF290870007B6E6 /* SimpleReplyView.xib */ = {isa = PBXFileReference; fileEncoding = 4; lastKnownFileType = file.xib; path = SimpleReplyView.xib; sourceTree = "<group>"; };
		2F8E7C651FF2933A0007B6E6 /* ToolbarView.swift */ = {isa = PBXFileReference; fileEncoding = 4; lastKnownFileType = sourcecode.swift; path = ToolbarView.swift; sourceTree = "<group>"; };
		2F9086A41FC5B7FD008773AA /* Info.plist */ = {isa = PBXFileReference; lastKnownFileType = text.plist.xml; path = Info.plist; sourceTree = "<group>"; };
		2F9771E41EA615A90058EDB4 /* MyViewController.swift */ = {isa = PBXFileReference; fileEncoding = 4; lastKnownFileType = sourcecode.swift; path = MyViewController.swift; sourceTree = "<group>"; };
		2F9771E61EA648070058EDB4 /* HotViewController.swift */ = {isa = PBXFileReference; fileEncoding = 4; lastKnownFileType = sourcecode.swift; path = HotViewController.swift; sourceTree = "<group>"; };
		2F9772451EA65A3F0058EDB4 /* Constant.swift */ = {isa = PBXFileReference; fileEncoding = 4; lastKnownFileType = sourcecode.swift; path = Constant.swift; sourceTree = "<group>"; };
		2FA780EC1EA8603800ACBEAF /* PostViewController.swift */ = {isa = PBXFileReference; fileEncoding = 4; lastKnownFileType = sourcecode.swift; path = PostViewController.swift; sourceTree = "<group>"; };
		2FA9EC1A21AD93B200A5BFFF /* MoneyConfig.swift */ = {isa = PBXFileReference; lastKnownFileType = sourcecode.swift; path = MoneyConfig.swift; sourceTree = "<group>"; };
		2FAB94DD21AE6DCB0094E2D5 /* VoteData.swift */ = {isa = PBXFileReference; lastKnownFileType = sourcecode.swift; path = VoteData.swift; sourceTree = "<group>"; };
		2FAB94DF21AE99510094E2D5 /* VoteViewController.swift */ = {isa = PBXFileReference; lastKnownFileType = sourcecode.swift; path = VoteViewController.swift; sourceTree = "<group>"; };
		2FAFE0AE1FE94F3A00AD7FDC /* HtmlTag.swift */ = {isa = PBXFileReference; fileEncoding = 4; lastKnownFileType = sourcecode.swift; path = HtmlTag.swift; sourceTree = "<group>"; };
		2FAFE0AF1FE94F3A00AD7FDC /* HtmlNode.swift */ = {isa = PBXFileReference; fileEncoding = 4; lastKnownFileType = sourcecode.swift; path = HtmlNode.swift; sourceTree = "<group>"; };
		2FAFE0B01FE94F3A00AD7FDC /* HtmlAttr.swift */ = {isa = PBXFileReference; fileEncoding = 4; lastKnownFileType = sourcecode.swift; path = HtmlAttr.swift; sourceTree = "<group>"; };
		2FAFE0B11FE94F3A00AD7FDC /* AtrributeConveter.swift */ = {isa = PBXFileReference; fileEncoding = 4; lastKnownFileType = sourcecode.swift; path = AtrributeConveter.swift; sourceTree = "<group>"; };
		2FAFE0B21FE94F3B00AD7FDC /* HtmlParser.swift */ = {isa = PBXFileReference; fileEncoding = 4; lastKnownFileType = sourcecode.swift; path = HtmlParser.swift; sourceTree = "<group>"; };
		2FAFE0B31FE94F3B00AD7FDC /* HtmlTextView.swift */ = {isa = PBXFileReference; fileEncoding = 4; lastKnownFileType = sourcecode.swift; path = HtmlTextView.swift; sourceTree = "<group>"; };
		2FAFE0B41FE94F3B00AD7FDC /* HtmlParserDelegate.swift */ = {isa = PBXFileReference; fileEncoding = 4; lastKnownFileType = sourcecode.swift; path = HtmlParserDelegate.swift; sourceTree = "<group>"; };
		2FAFE0B51FE94F3B00AD7FDC /* LinkClickType.swift */ = {isa = PBXFileReference; fileEncoding = 4; lastKnownFileType = sourcecode.swift; path = LinkClickType.swift; sourceTree = "<group>"; };
		2FAFE0B61FE94F3B00AD7FDC /* ImageGetter.swift */ = {isa = PBXFileReference; fileEncoding = 4; lastKnownFileType = sourcecode.swift; path = ImageGetter.swift; sourceTree = "<group>"; };
		2FAFE0C11FE956F800AD7FDC /* GalleryConfiguration.swift */ = {isa = PBXFileReference; fileEncoding = 4; lastKnownFileType = sourcecode.swift; path = GalleryConfiguration.swift; sourceTree = "<group>"; };
		2FAFE0C31FE956F800AD7FDC /* GalleryItemsDataSource.swift */ = {isa = PBXFileReference; fileEncoding = 4; lastKnownFileType = sourcecode.swift; path = GalleryItemsDataSource.swift; sourceTree = "<group>"; };
		2FAFE0C41FE956F800AD7FDC /* GalleryPagingDataSource.swift */ = {isa = PBXFileReference; fileEncoding = 4; lastKnownFileType = sourcecode.swift; path = GalleryPagingDataSource.swift; sourceTree = "<group>"; };
		2FAFE0C51FE956F800AD7FDC /* ItemBaseController.swift */ = {isa = PBXFileReference; fileEncoding = 4; lastKnownFileType = sourcecode.swift; path = ItemBaseController.swift; sourceTree = "<group>"; };
		2FAFE0C61FE956F800AD7FDC /* ItemController.swift */ = {isa = PBXFileReference; fileEncoding = 4; lastKnownFileType = sourcecode.swift; path = ItemController.swift; sourceTree = "<group>"; };
		2FAFE0C71FE956F800AD7FDC /* GalleryDisplacedViewsDataSource.swift */ = {isa = PBXFileReference; fileEncoding = 4; lastKnownFileType = sourcecode.swift; path = GalleryDisplacedViewsDataSource.swift; sourceTree = "<group>"; };
		2FAFE0C81FE956F800AD7FDC /* ItemControllerDelegate.swift */ = {isa = PBXFileReference; fileEncoding = 4; lastKnownFileType = sourcecode.swift; path = ItemControllerDelegate.swift; sourceTree = "<group>"; };
		2FAFE0C91FE956F800AD7FDC /* CounterView.swift */ = {isa = PBXFileReference; fileEncoding = 4; lastKnownFileType = sourcecode.swift; path = CounterView.swift; sourceTree = "<group>"; };
		2FAFE0CA1FE956F800AD7FDC /* GalleryViewController.swift */ = {isa = PBXFileReference; fileEncoding = 4; lastKnownFileType = sourcecode.swift; path = GalleryViewController.swift; sourceTree = "<group>"; };
		2FAFE0CB1FE956F800AD7FDC /* GallerySwipeToDismissTransition.swift */ = {isa = PBXFileReference; fileEncoding = 4; lastKnownFileType = sourcecode.swift; path = GallerySwipeToDismissTransition.swift; sourceTree = "<group>"; };
		2FAFE0CC1FE956F800AD7FDC /* ImageFadeInHandler.swift */ = {isa = PBXFileReference; fileEncoding = 4; lastKnownFileType = sourcecode.swift; path = ImageFadeInHandler.swift; sourceTree = "<group>"; };
		2FAFE0CD1FE956F900AD7FDC /* ImageViewController.swift */ = {isa = PBXFileReference; fileEncoding = 4; lastKnownFileType = sourcecode.swift; path = ImageViewController.swift; sourceTree = "<group>"; };
		2FAFE0CE1FE956F900AD7FDC /* BlurView.swift */ = {isa = PBXFileReference; fileEncoding = 4; lastKnownFileType = sourcecode.swift; path = BlurView.swift; sourceTree = "<group>"; };
		2FAFE0CF1FE956F900AD7FDC /* UtilityFunctions.swift */ = {isa = PBXFileReference; fileEncoding = 4; lastKnownFileType = sourcecode.swift; path = UtilityFunctions.swift; sourceTree = "<group>"; };
		2FB16E061FD817A800863BF9 /* LTHRadioButton.swift */ = {isa = PBXFileReference; lastKnownFileType = sourcecode.swift; path = LTHRadioButton.swift; sourceTree = "<group>"; };
		2FB3A76E1FDFB07D002FE2F5 /* ChooseFriendViewController.swift */ = {isa = PBXFileReference; lastKnownFileType = sourcecode.swift; path = ChooseFriendViewController.swift; sourceTree = "<group>"; };
		2FB627761FC980E3005D33F0 /* History.swift */ = {isa = PBXFileReference; lastKnownFileType = sourcecode.swift; path = History.swift; sourceTree = "<group>"; };
		2FD4ADC71EA7371400602516 /* MessageViewController.swift */ = {isa = PBXFileReference; fileEncoding = 4; lastKnownFileType = sourcecode.swift; path = MessageViewController.swift; sourceTree = "<group>"; };
		2FD4ADCA1EA74D4200602516 /* ArrowLabel.swift */ = {isa = PBXFileReference; fileEncoding = 4; lastKnownFileType = sourcecode.swift; path = ArrowLabel.swift; sourceTree = "<group>"; };
		2FD4ADCC1EA75C3400602516 /* PostsViewController.swift */ = {isa = PBXFileReference; fileEncoding = 4; lastKnownFileType = sourcecode.swift; path = PostsViewController.swift; sourceTree = "<group>"; };
		2FE9849821AC255E0020F10C /* Intents.framework */ = {isa = PBXFileReference; lastKnownFileType = wrapper.framework; name = Intents.framework; path = System/Library/Frameworks/Intents.framework; sourceTree = SDKROOT; };
		2FEBEFB61FD0286E0037E7A4 /* ChatViewController.swift */ = {isa = PBXFileReference; lastKnownFileType = sourcecode.swift; path = ChatViewController.swift; sourceTree = "<group>"; };
		2FEBEFB81FD0288A0037E7A4 /* ChatData.swift */ = {isa = PBXFileReference; lastKnownFileType = sourcecode.swift; path = ChatData.swift; sourceTree = "<group>"; };
		2FEDBB621F1113A6006E645D /* PostData.swift */ = {isa = PBXFileReference; fileEncoding = 4; lastKnownFileType = sourcecode.swift; path = PostData.swift; sourceTree = "<group>"; };
		2FEDBDD01FD434360048CE6C /* NewPostViewController.swift */ = {isa = PBXFileReference; lastKnownFileType = sourcecode.swift; path = NewPostViewController.swift; sourceTree = "<group>"; };
		2FF5F9821FE95DF700C6535D /* AlbumData.swift */ = {isa = PBXFileReference; lastKnownFileType = sourcecode.swift; path = AlbumData.swift; sourceTree = "<group>"; };
		2FF7B1AF20550B5C00DE202E /* RegisterViewController.swift */ = {isa = PBXFileReference; lastKnownFileType = sourcecode.swift; path = RegisterViewController.swift; sourceTree = "<group>"; };
		2FF7B1B120557ADC00DE202E /* ForgetPasswordController.swift */ = {isa = PBXFileReference; lastKnownFileType = sourcecode.swift; path = ForgetPasswordController.swift; sourceTree = "<group>"; };
		2FF905841F125F4500B88DA6 /* MessageData.swift */ = {isa = PBXFileReference; fileEncoding = 4; lastKnownFileType = sourcecode.swift; path = MessageData.swift; sourceTree = "<group>"; };
		5B234EA6D38FE03BE17A7D68 /* Pods-Ruisi.debug.xcconfig */ = {isa = PBXFileReference; includeInIndex = 1; lastKnownFileType = text.xcconfig; name = "Pods-Ruisi.debug.xcconfig"; path = "Pods/Target Support Files/Pods-Ruisi/Pods-Ruisi.debug.xcconfig"; sourceTree = "<group>"; };
		A84F4CE1CA58E76A05931BD1 /* Pods-Ruisi.release.xcconfig */ = {isa = PBXFileReference; includeInIndex = 1; lastKnownFileType = text.xcconfig; name = "Pods-Ruisi.release.xcconfig"; path = "Pods/Target Support Files/Pods-Ruisi/Pods-Ruisi.release.xcconfig"; sourceTree = "<group>"; };
		FCB3DD8EC910C367A9D2527A /* Pods_Ruisi.framework */ = {isa = PBXFileReference; explicitFileType = wrapper.framework; includeInIndex = 0; path = Pods_Ruisi.framework; sourceTree = BUILT_PRODUCTS_DIR; };
/* End PBXFileReference section */

/* Begin PBXFrameworksBuildPhase section */
		2F16B5DC1EA502420068EE20 /* Frameworks */ = {
			isa = PBXFrameworksBuildPhase;
			buildActionMask = 2147483647;
			files = (
				984BEE229C75F1F36A692B31 /* Pods_Ruisi.framework in Frameworks */,
			);
			runOnlyForDeploymentPostprocessing = 0;
		};
/* End PBXFrameworksBuildPhase section */

/* Begin PBXGroup section */
		2F0233B41FE0032000373969 /* widget */ = {
			isa = PBXGroup;
			children = (
				2F848A9A1FF0D6E10089177B /* refreshControl */,
				2FC86DBA1FEBD08D00C6E988 /* replyView */,
				2FAFE0C01FE956D600AD7FDC /* imageViewer */,
				2FAFE09B1FE94EE500AD7FDC /* htmlTextView */,
				2FD4ADCA1EA74D4200602516 /* ArrowLabel.swift */,
				2F35E9AD1F00F69E00CDD60D /* LoadMoreView.swift */,
				2F35E9AF1F00F6ED00CDD60D /* LoadMoreView.xib */,
				2F09CCFB1FD6646A00EE854C /* AboveKeyboardView.swift */,
				2FB16E061FD817A800863BF9 /* LTHRadioButton.swift */,
				2F3885801FE2B022000749F4 /* ColorItemView.swift */,
				2F37A08E1FE3F78900493A59 /* WaterFallCollectionViewLayout.swift */,
				2F8E7C5D1FF276410007B6E6 /* TagLabel.swift */,
				2F77A66A201AFA5300322B28 /* InputValidController.swift */,
			);
			path = widget;
			sourceTree = "<group>";
		};
		2F16B5D61EA502420068EE20 = {
			isa = PBXGroup;
			children = (
				2F16B5E11EA502420068EE20 /* Ruisi */,
				2F16B5E01EA502420068EE20 /* Products */,
				2F97723A1EA651AA0058EDB4 /* Frameworks */,
				D9825E4A74478D8CD71602F5 /* Pods */,
			);
			sourceTree = "<group>";
		};
		2F16B5E01EA502420068EE20 /* Products */ = {
			isa = PBXGroup;
			children = (
				2F16B5DF1EA502420068EE20 /* Ruisi.app */,
			);
			name = Products;
			sourceTree = "<group>";
		};
		2F16B5E11EA502420068EE20 /* Ruisi */ = {
			isa = PBXGroup;
			children = (
				2F8C62DB2141131E0020D3C1 /* Ruisi.entitlements */,
				2FB3A76A1FDFAE8A002FE2F5 /* controller */,
				2FB3A76B1FDFAEAE002FE2F5 /* model */,
				2F0233B41FE0032000373969 /* widget */,
				2F63F2501FE4E811005FCD29 /* database */,
				2FB3A76D1FDFAF18002FE2F5 /* res */,
				2F16B74F1EA50A390068EE20 /* assets */,
				2F16B5EC1EA502420068EE20 /* Assets.xcassets */,
				2F16B5E21EA502420068EE20 /* AppDelegate.swift */,
				2F16B5E61EA502420068EE20 /* Main.storyboard */,
				2F01C2451EFF9CE900102CF2 /* Launch.storyboard */,
				2F9772451EA65A3F0058EDB4 /* Constant.swift */,
				2F5DF0C41EFE750A00428EE1 /* Settings.swift */,
				2F5DF0C61EFE7A3200428EE1 /* HttpUtil.swift */,
				2F3B29521FEA450A00C34F13 /* Extension.swift */,
				2F175F801F01FCCA00DDEED9 /* Utils.swift */,
				2F9086A41FC5B7FD008773AA /* Info.plist */,
				2F24B9921FCE9213001D287E /* Reachability.swift */,
				2F3885821FE2B33A000749F4 /* ThemeManager.swift */,
				2F6679EA208348560010F3AB /* ScrollTopable.swift */,
				2F63A41B213AD4D10074201B /* SpotlightManager.swift */,
			);
			path = Ruisi;
			sourceTree = "<group>";
		};
		2F63F2501FE4E811005FCD29 /* database */ = {
			isa = PBXGroup;
			children = (
				2F63F24E1FE4E7F2005FCD29 /* SQLiteDatabase.swift */,
				2F63F2511FE4E857005FCD29 /* SQLiteError.swift */,
			);
			path = database;
			sourceTree = "<group>";
		};
		2F848A9A1FF0D6E10089177B /* refreshControl */ = {
			isa = PBXGroup;
			children = (
				2F848A8A1FF0CE4E0089177B /* RSRefreshControl.swift */,
				2F848A9B1FF0E0830089177B /* RSRefreshState.swift */,
			);
			path = refreshControl;
			sourceTree = "<group>";
		};
		2F97723A1EA651AA0058EDB4 /* Frameworks */ = {
			isa = PBXGroup;
			children = (
				2FE9849821AC255E0020F10C /* Intents.framework */,
				FCB3DD8EC910C367A9D2527A /* Pods_Ruisi.framework */,
			);
			name = Frameworks;
			sourceTree = "<group>";
		};
		2FAFE09B1FE94EE500AD7FDC /* htmlTextView */ = {
			isa = PBXGroup;
			children = (
				2F3DDA9C1FED41600082C670 /* HtmlLabel.swift */,
				2FAFE0B31FE94F3B00AD7FDC /* HtmlTextView.swift */,
				2FAFE0B11FE94F3A00AD7FDC /* AtrributeConveter.swift */,
				2FAFE0B01FE94F3A00AD7FDC /* HtmlAttr.swift */,
				2FAFE0AF1FE94F3A00AD7FDC /* HtmlNode.swift */,
				2FAFE0B21FE94F3B00AD7FDC /* HtmlParser.swift */,
				2FAFE0B41FE94F3B00AD7FDC /* HtmlParserDelegate.swift */,
				2FAFE0AE1FE94F3A00AD7FDC /* HtmlTag.swift */,
				2FAFE0B61FE94F3B00AD7FDC /* ImageGetter.swift */,
				2FAFE0B51FE94F3B00AD7FDC /* LinkClickType.swift */,
				2F2670561FEFE78100AB291D /* LinkClickHandler.swift */,
				2F2670581FEFE93400AB291D /* UrlItem.swift */,
				2F6679E8208342750010F3AB /* HtmlArrawLabel.swift */,
			);
			path = htmlTextView;
			sourceTree = "<group>";
		};
		2FAFE0C01FE956D600AD7FDC /* imageViewer */ = {
			isa = PBXGroup;
			children = (
				2FAFE0CE1FE956F900AD7FDC /* BlurView.swift */,
				2FAFE0C91FE956F800AD7FDC /* CounterView.swift */,
				2F0287491FEA45A3005C2D2A /* Extensions.swift */,
				2FAFE0C11FE956F800AD7FDC /* GalleryConfiguration.swift */,
				2FAFE0C71FE956F800AD7FDC /* GalleryDisplacedViewsDataSource.swift */,
				2FAFE0C31FE956F800AD7FDC /* GalleryItemsDataSource.swift */,
				2FAFE0C41FE956F800AD7FDC /* GalleryPagingDataSource.swift */,
				2FAFE0CB1FE956F800AD7FDC /* GallerySwipeToDismissTransition.swift */,
				2FAFE0CA1FE956F800AD7FDC /* GalleryViewController.swift */,
				2FAFE0CC1FE956F800AD7FDC /* ImageFadeInHandler.swift */,
				2FAFE0CD1FE956F900AD7FDC /* ImageViewController.swift */,
				2FAFE0C51FE956F800AD7FDC /* ItemBaseController.swift */,
				2FAFE0C61FE956F800AD7FDC /* ItemController.swift */,
				2FAFE0C81FE956F800AD7FDC /* ItemControllerDelegate.swift */,
				2FAFE0CF1FE956F900AD7FDC /* UtilityFunctions.swift */,
			);
			path = imageViewer;
			sourceTree = "<group>";
		};
		2FB3A76A1FDFAE8A002FE2F5 /* controller */ = {
			isa = PBXGroup;
			children = (
				2F01C2491EFFA46400102CF2 /* MainViewController.swift */,
				2F175AA41FCD0ABB00917895 /* BaseTableViewController.swift */,
				2F16B5F71EA504330068EE20 /* ForumsViewController.swift */,
				2F9771E61EA648070058EDB4 /* HotViewController.swift */,
				2FD4ADC71EA7371400602516 /* MessageViewController.swift */,
				2F9771E41EA615A90058EDB4 /* MyViewController.swift */,
				2FD4ADCC1EA75C3400602516 /* PostsViewController.swift */,
				2FA780EC1EA8603800ACBEAF /* PostViewController.swift */,
				2F37A09E1FE404E400493A59 /* ImageGridPostsViewController.swift */,
				2F8AD6951EA787EE002540AA /* LoginViewController.swift */,
				2F63F1C9213BA35000531EF4 /* PasswordViewController.swift */,
				2F8CDA4E1EFD782D006FE6EC /* AboutViewController.swift */,
				2F7C75B01EFE356F0067D499 /* SignViewController.swift */,
				2F175F821F02976D00DDEED9 /* SettingViewController.swift */,
				2F42FE8F1F03A31900CC8C92 /* HistoryViewController.swift */,
				2F42FE911F03A92300CC8C92 /* StarViewController.swift */,
				2F7A9E621F03AF3900994123 /* FriendViewController.swift */,
				2FEBEFB61FD0286E0037E7A4 /* ChatViewController.swift */,
				2F7A9E641F03AF6900994123 /* MyPostsViewController.swift */,
				2F7A9E661F03AFB300994123 /* UserDetailViewController.swift */,
				2F00B9091FCF04E600A6D136 /* SearchViewController.swift */,
				2F09C6B21FD447E10012286C /* ChooseForumViewController.swift */,
				2FB3A76E1FDFB07D002FE2F5 /* ChooseFriendViewController.swift */,
				2F3885721FE2A883000749F4 /* ThemeViewController.swift */,
				2FEDBDD01FD434360048CE6C /* NewPostViewController.swift */,
				2F00DC452150DAE1007B6546 /* NewPostSettingViewController.swift */,
				2F3C7BA61FF3B2E800CC2CB3 /* ReplyCzViewController.swift */,
				2F1879C7205017420007E102 /* DDDTouchPeekViewController.swift */,
				2F72891820542223000EC5C9 /* WebViewController.swift */,
				2FF7B1AF20550B5C00DE202E /* RegisterViewController.swift */,
				2FF7B1B120557ADC00DE202E /* ForgetPasswordController.swift */,
				2F63A419213A86090074201B /* AgreementViewController.swift */,
				2FAB94DF21AE99510094E2D5 /* VoteViewController.swift */,
			);
			path = controller;
			sourceTree = "<group>";
		};
		2FB3A76B1FDFAEAE002FE2F5 /* model */ = {
			isa = PBXGroup;
			children = (
				2F16B66B1EA504DD0068EE20 /* Forum.swift */,
				2F01C24B1EFFAA2E00102CF2 /* ArticleListData.swift */,
				2FEDBB621F1113A6006E645D /* PostData.swift */,
				2FF905841F125F4500B88DA6 /* MessageData.swift */,
				2FB627761FC980E3005D33F0 /* History.swift */,
				2F175AB81FCD36B800917895 /* StarData.swift */,
				2F175AC61FCD37EE00917895 /* FriendData.swift */,
				2F175AC81FCD499100917895 /* KeyValueData.swift */,
				2FEBEFB81FD0288A0037E7A4 /* ChatData.swift */,
				2F0233B21FDFF23F00373969 /* AtData.swift */,
				2F37A0AC1FE4155600493A59 /* PostsType.swift */,
				2F8AB78E1FE6B39B00C3AFA8 /* UploadImageItem.swift */,
				2FF5F9821FE95DF700C6535D /* AlbumData.swift */,
				2F2670481FEFAADC00AB291D /* SearchData.swift */,
				2FA9EC1A21AD93B200A5BFFF /* MoneyConfig.swift */,
				2FAB94DD21AE6DCB0094E2D5 /* VoteData.swift */,
			);
			path = model;
			sourceTree = "<group>";
		};
		2FB3A76D1FDFAF18002FE2F5 /* res */ = {
			isa = PBXGroup;
			children = (
				2F175ACC1FCD95DA00917895 /* fontawesome-webfont.ttf */,
			);
			name = res;
			sourceTree = "<group>";
		};
		2FC86DBA1FEBD08D00C6E988 /* replyView */ = {
			isa = PBXGroup;
			children = (
				2F1C30F61FEBDCD800498C96 /* ImageAttachment.swift */,
				2F1C30FA1FEBDCD900498C96 /* RitchTextView.swift */,
				2F1C30FC1FEBDCD900498C96 /* SmileyCell.swift */,
				2F1C30F91FEBDCD900498C96 /* SmileyCollectionLayout.swift */,
				2F1C30F81FEBDCD900498C96 /* SmileyManager.swift */,
				2F1C30E91FEBDCD800498C96 /* SmileyToolbar.swift */,
				2F1C30FB1FEBDCD900498C96 /* SmileyView.swift */,
				2F1C30F71FEBDCD900498C96 /* SmileyView.xib */,
				2F8E7C651FF2933A0007B6E6 /* ToolbarView.swift */,
				2F1C31091FEBDFD500498C96 /* ToolbarView.xib */,
				2F8E7C611FF290870007B6E6 /* SimpleReplyView.xib */,
				2F1C310F1FEBF6AF00498C96 /* SimpleReplyView.swift */,
			);
			path = replyView;
			sourceTree = "<group>";
		};
		D9825E4A74478D8CD71602F5 /* Pods */ = {
			isa = PBXGroup;
			children = (
				5B234EA6D38FE03BE17A7D68 /* Pods-Ruisi.debug.xcconfig */,
				A84F4CE1CA58E76A05931BD1 /* Pods-Ruisi.release.xcconfig */,
			);
			name = Pods;
			sourceTree = "<group>";
		};
/* End PBXGroup section */

/* Begin PBXNativeTarget section */
		2F16B5DE1EA502420068EE20 /* Ruisi */ = {
			isa = PBXNativeTarget;
			buildConfigurationList = 2F16B5F41EA502420068EE20 /* Build configuration list for PBXNativeTarget "Ruisi" */;
			buildPhases = (
				AC45AE0F58067BFD26F6B509 /* [CP] Check Pods Manifest.lock */,
				2F16B5DB1EA502420068EE20 /* Sources */,
				2F16B5DC1EA502420068EE20 /* Frameworks */,
				2F16B5DD1EA502420068EE20 /* Resources */,
				2F4FDA131FCC4A9D00CD2A7D /* Embed Frameworks */,
				1972CC9E45359B5ACE81327B /* [CP] Embed Pods Frameworks */,
			);
			buildRules = (
			);
			dependencies = (
			);
			name = Ruisi;
			productName = Ruisi;
			productReference = 2F16B5DF1EA502420068EE20 /* Ruisi.app */;
			productType = "com.apple.product-type.application";
		};
/* End PBXNativeTarget section */

/* Begin PBXProject section */
		2F16B5D71EA502420068EE20 /* Project object */ = {
			isa = PBXProject;
			attributes = {
				LastSwiftUpdateCheck = 0830;
				LastUpgradeCheck = 0930;
				ORGANIZATIONNAME = yang;
				TargetAttributes = {
					2F16B5DE1EA502420068EE20 = {
						CreatedOnToolsVersion = 8.3.1;
						LastSwiftMigration = 1020;
						ProvisioningStyle = Automatic;
						SystemCapabilities = {
							com.apple.Push = {
								enabled = 0;
							};
							com.apple.SafariKeychain = {
								enabled = 1;
							};
							com.apple.Siri = {
								enabled = 1;
							};
							com.apple.iCloud = {
								enabled = 0;
							};
						};
					};
				};
			};
			buildConfigurationList = 2F16B5DA1EA502420068EE20 /* Build configuration list for PBXProject "Ruisi" */;
			compatibilityVersion = "Xcode 10.0";
			developmentRegion = en;
			hasScannedForEncodings = 0;
			knownRegions = (
				Base,
				en,
			);
			mainGroup = 2F16B5D61EA502420068EE20;
			productRefGroup = 2F16B5E01EA502420068EE20 /* Products */;
			projectDirPath = "";
			projectRoot = "";
			targets = (
				2F16B5DE1EA502420068EE20 /* Ruisi */,
			);
		};
/* End PBXProject section */

/* Begin PBXResourcesBuildPhase section */
		2F16B5DD1EA502420068EE20 /* Resources */ = {
			isa = PBXResourcesBuildPhase;
			buildActionMask = 2147483647;
			files = (
				2F175ACD1FCD95F200917895 /* fontawesome-webfont.ttf in Resources */,
				2F8E7C621FF290870007B6E6 /* SimpleReplyView.xib in Resources */,
				2F1C30FF1FEBDCD900498C96 /* SmileyView.xib in Resources */,
				2F35E9B01F00F6ED00CDD60D /* LoadMoreView.xib in Resources */,
				2F16B7501EA50A390068EE20 /* assets in Resources */,
				2F1C310A1FEBDFD500498C96 /* ToolbarView.xib in Resources */,
				2F16B5ED1EA502420068EE20 /* Assets.xcassets in Resources */,
				2F16B5E81EA502420068EE20 /* Main.storyboard in Resources */,
				2F01C2461EFF9CE900102CF2 /* Launch.storyboard in Resources */,
			);
			runOnlyForDeploymentPostprocessing = 0;
		};
/* End PBXResourcesBuildPhase section */

/* Begin PBXShellScriptBuildPhase section */
		1972CC9E45359B5ACE81327B /* [CP] Embed Pods Frameworks */ = {
			isa = PBXShellScriptBuildPhase;
			buildActionMask = 2147483647;
			files = (
			);
			inputFileListPaths = (
				"${PODS_ROOT}/Target Support Files/Pods-Ruisi/Pods-Ruisi-frameworks-${CONFIGURATION}-input-files.xcfilelist",
			);
			name = "[CP] Embed Pods Frameworks";
			outputFileListPaths = (
				"${PODS_ROOT}/Target Support Files/Pods-Ruisi/Pods-Ruisi-frameworks-${CONFIGURATION}-output-files.xcfilelist",
			);
			runOnlyForDeploymentPostprocessing = 0;
			shellPath = /bin/sh;
			shellScript = "\"${PODS_ROOT}/Target Support Files/Pods-Ruisi/Pods-Ruisi-frameworks.sh\"\n";
			showEnvVarsInLog = 0;
		};
		AC45AE0F58067BFD26F6B509 /* [CP] Check Pods Manifest.lock */ = {
			isa = PBXShellScriptBuildPhase;
			buildActionMask = 2147483647;
			files = (
			);
			inputPaths = (
				"${PODS_PODFILE_DIR_PATH}/Podfile.lock",
				"${PODS_ROOT}/Manifest.lock",
			);
			name = "[CP] Check Pods Manifest.lock";
			outputPaths = (
				"$(DERIVED_FILE_DIR)/Pods-Ruisi-checkManifestLockResult.txt",
			);
			runOnlyForDeploymentPostprocessing = 0;
			shellPath = /bin/sh;
			shellScript = "diff \"${PODS_PODFILE_DIR_PATH}/Podfile.lock\" \"${PODS_ROOT}/Manifest.lock\" > /dev/null\nif [ $? != 0 ] ; then\n    # print error to STDERR\n    echo \"error: The sandbox is not in sync with the Podfile.lock. Run 'pod install' or update your CocoaPods installation.\" >&2\n    exit 1\nfi\n# This output is used by Xcode 'outputs' to avoid re-running this script phase.\necho \"SUCCESS\" > \"${SCRIPT_OUTPUT_FILE_0}\"\n";
			showEnvVarsInLog = 0;
		};
/* End PBXShellScriptBuildPhase section */

/* Begin PBXSourcesBuildPhase section */
		2F16B5DB1EA502420068EE20 /* Sources */ = {
			isa = PBXSourcesBuildPhase;
			buildActionMask = 2147483647;
			files = (
				2F42FE901F03A31900CC8C92 /* HistoryViewController.swift in Sources */,
				2F9772461EA65A3F0058EDB4 /* Constant.swift in Sources */,
				2F3C7BA71FF3B2E800CC2CB3 /* ReplyCzViewController.swift in Sources */,
				2FAFE0D81FE956F900AD7FDC /* CounterView.swift in Sources */,
				2F01C24A1EFFA46400102CF2 /* MainViewController.swift in Sources */,
				2F8AB78F1FE6B39B00C3AFA8 /* UploadImageItem.swift in Sources */,
				2F09C6B31FD447E10012286C /* ChooseForumViewController.swift in Sources */,
				2FEDBB631F1113A6006E645D /* PostData.swift in Sources */,
				2FAFE0BF1FE94F3B00AD7FDC /* ImageGetter.swift in Sources */,
				2F175F811F01FCCA00DDEED9 /* Utils.swift in Sources */,
				2F1C31031FEBDCD900498C96 /* SmileyView.swift in Sources */,
				2F6679EB208348560010F3AB /* ScrollTopable.swift in Sources */,
				2F42FE921F03A92300CC8C92 /* StarViewController.swift in Sources */,
				2F01C24C1EFFAA2E00102CF2 /* ArticleListData.swift in Sources */,
				2FAFE0BC1FE94F3B00AD7FDC /* HtmlTextView.swift in Sources */,
				2FAFE0D41FE956F900AD7FDC /* ItemBaseController.swift in Sources */,
				2FAFE0B81FE94F3B00AD7FDC /* HtmlNode.swift in Sources */,
				2F175AB91FCD36B800917895 /* StarData.swift in Sources */,
				2FAFE0BA1FE94F3B00AD7FDC /* AtrributeConveter.swift in Sources */,
				2F9771E71EA648070058EDB4 /* HotViewController.swift in Sources */,
				2F848A8B1FF0CE4E0089177B /* RSRefreshControl.swift in Sources */,
				2FAFE0B71FE94F3B00AD7FDC /* HtmlTag.swift in Sources */,
				2F1C31021FEBDCD900498C96 /* RitchTextView.swift in Sources */,
				2F16B5F81EA504330068EE20 /* ForumsViewController.swift in Sources */,
				2FF5F9831FE95DF700C6535D /* AlbumData.swift in Sources */,
				2F0233B31FDFF23F00373969 /* AtData.swift in Sources */,
				2FA780ED1EA8603800ACBEAF /* PostViewController.swift in Sources */,
				2FAFE0DE1FE956F900AD7FDC /* UtilityFunctions.swift in Sources */,
				2F1C31011FEBDCD900498C96 /* SmileyCollectionLayout.swift in Sources */,
				2F1879C8205017420007E102 /* DDDTouchPeekViewController.swift in Sources */,
				2F37A09F1FE404E400493A59 /* ImageGridPostsViewController.swift in Sources */,
				2F24B9931FCE9213001D287E /* Reachability.swift in Sources */,
				2F5DF0C71EFE7A3200428EE1 /* HttpUtil.swift in Sources */,
				2F0287561FEA45A3005C2D2A /* Extensions.swift in Sources */,
				2F2670591FEFE93400AB291D /* UrlItem.swift in Sources */,
				2F35E9AE1F00F69E00CDD60D /* LoadMoreView.swift in Sources */,
				2FAFE0D61FE956F900AD7FDC /* GalleryDisplacedViewsDataSource.swift in Sources */,
				2F8E7C661FF2933A0007B6E6 /* ToolbarView.swift in Sources */,
				2F16B5E31EA502420068EE20 /* AppDelegate.swift in Sources */,
				2FAFE0D71FE956F900AD7FDC /* ItemControllerDelegate.swift in Sources */,
				2F63A41C213AD4D10074201B /* SpotlightManager.swift in Sources */,
				2F1C30FE1FEBDCD900498C96 /* ImageAttachment.swift in Sources */,
				2F72891920542223000EC5C9 /* WebViewController.swift in Sources */,
				2F848A9C1FF0E0830089177B /* RSRefreshState.swift in Sources */,
				2FAFE0DC1FE956F900AD7FDC /* ImageViewController.swift in Sources */,
				2F77A66B201AFA5300322B28 /* InputValidController.swift in Sources */,
				2FAFE0D51FE956F900AD7FDC /* ItemController.swift in Sources */,
				2F6679E9208342750010F3AB /* HtmlArrawLabel.swift in Sources */,
				2FA9EC1B21AD93B200A5BFFF /* MoneyConfig.swift in Sources */,
				2F175AC71FCD37EE00917895 /* FriendData.swift in Sources */,
				2FAB94DE21AE6DCB0094E2D5 /* VoteData.swift in Sources */,
				2FB3A76F1FDFB07D002FE2F5 /* ChooseFriendViewController.swift in Sources */,
				2FAFE0DD1FE956F900AD7FDC /* BlurView.swift in Sources */,
				2FD4ADCD1EA75C3400602516 /* PostsViewController.swift in Sources */,
				2F1C31001FEBDCD900498C96 /* SmileyManager.swift in Sources */,
				2F7C75B11EFE356F0067D499 /* SignViewController.swift in Sources */,
				2FF7B1B020550B5C00DE202E /* RegisterViewController.swift in Sources */,
				2F2670491FEFAADC00AB291D /* SearchData.swift in Sources */,
				2F37A0AD1FE4155600493A59 /* PostsType.swift in Sources */,
				2F175AC91FCD499100917895 /* KeyValueData.swift in Sources */,
				2F63A41A213A86090074201B /* AgreementViewController.swift in Sources */,
				2F175AA51FCD0ABB00917895 /* BaseTableViewController.swift in Sources */,
				2F7A9E631F03AF3900994123 /* FriendViewController.swift in Sources */,
				2FAFE0D01FE956F900AD7FDC /* GalleryConfiguration.swift in Sources */,
				2FAFE0D31FE956F900AD7FDC /* GalleryPagingDataSource.swift in Sources */,
				2F09CCFC1FD6646A00EE854C /* AboveKeyboardView.swift in Sources */,
				2FAFE0BB1FE94F3B00AD7FDC /* HtmlParser.swift in Sources */,
				2F7A9E651F03AF6900994123 /* MyPostsViewController.swift in Sources */,
				2F1C30FD1FEBDCD900498C96 /* SmileyToolbar.swift in Sources */,
				2FAFE0BD1FE94F3B00AD7FDC /* HtmlParserDelegate.swift in Sources */,
				2FAFE0D21FE956F900AD7FDC /* GalleryItemsDataSource.swift in Sources */,
				2F16B66C1EA504DD0068EE20 /* Forum.swift in Sources */,
				2F37A08F1FE3F78900493A59 /* WaterFallCollectionViewLayout.swift in Sources */,
				2FEBEFB91FD0288A0037E7A4 /* ChatData.swift in Sources */,
				2F3B29531FEA450B00C34F13 /* Extension.swift in Sources */,
				2F1C31041FEBDCD900498C96 /* SmileyCell.swift in Sources */,
				2FAFE0B91FE94F3B00AD7FDC /* HtmlAttr.swift in Sources */,
				2FEDBDD11FD434360048CE6C /* NewPostViewController.swift in Sources */,
				2F63F24F1FE4E7F2005FCD29 /* SQLiteDatabase.swift in Sources */,
				2FAFE0BE1FE94F3B00AD7FDC /* LinkClickType.swift in Sources */,
				2F5DF0C51EFE750A00428EE1 /* Settings.swift in Sources */,
				2F00B90A1FCF04E600A6D136 /* SearchViewController.swift in Sources */,
				2F175F831F02976D00DDEED9 /* SettingViewController.swift in Sources */,
				2FD4ADCB1EA74D4200602516 /* ArrowLabel.swift in Sources */,
				2F8CDA4F1EFD782D006FE6EC /* AboutViewController.swift in Sources */,
				2F63F2521FE4E857005FCD29 /* SQLiteError.swift in Sources */,
				2F8E7C5E1FF276410007B6E6 /* TagLabel.swift in Sources */,
				2FAFE0DA1FE956F900AD7FDC /* GallerySwipeToDismissTransition.swift in Sources */,
				2FD4ADC81EA7371400602516 /* MessageViewController.swift in Sources */,
				2FB16E071FD817A800863BF9 /* LTHRadioButton.swift in Sources */,
				2F9771E51EA615A90058EDB4 /* MyViewController.swift in Sources */,
				2FAFE0D91FE956F900AD7FDC /* GalleryViewController.swift in Sources */,
				2FAFE0DB1FE956F900AD7FDC /* ImageFadeInHandler.swift in Sources */,
				2F2670571FEFE78100AB291D /* LinkClickHandler.swift in Sources */,
				2FF905851F125F4500B88DA6 /* MessageData.swift in Sources */,
				2F3885731FE2A883000749F4 /* ThemeViewController.swift in Sources */,
				2FAB94E021AE99510094E2D5 /* VoteViewController.swift in Sources */,
				2FB627771FC980E3005D33F0 /* History.swift in Sources */,
				2F1C31101FEBF6AF00498C96 /* SimpleReplyView.swift in Sources */,
				2F8AD6961EA787EE002540AA /* LoginViewController.swift in Sources */,
				2F00DC462150DAE1007B6546 /* NewPostSettingViewController.swift in Sources */,
				2F63F1CA213BA35000531EF4 /* PasswordViewController.swift in Sources */,
				2F3885831FE2B33A000749F4 /* ThemeManager.swift in Sources */,
				2FF7B1B220557ADC00DE202E /* ForgetPasswordController.swift in Sources */,
				2FEBEFB71FD0286E0037E7A4 /* ChatViewController.swift in Sources */,
				2F3DDA9D1FED41600082C670 /* HtmlLabel.swift in Sources */,
				2F7A9E671F03AFB300994123 /* UserDetailViewController.swift in Sources */,
				2F3885811FE2B022000749F4 /* ColorItemView.swift in Sources */,
			);
			runOnlyForDeploymentPostprocessing = 0;
		};
/* End PBXSourcesBuildPhase section */

/* Begin PBXVariantGroup section */
		2F16B5E61EA502420068EE20 /* Main.storyboard */ = {
			isa = PBXVariantGroup;
			children = (
				2F16B5E71EA502420068EE20 /* Base */,
			);
			name = Main.storyboard;
			sourceTree = "<group>";
		};
/* End PBXVariantGroup section */

/* Begin XCBuildConfiguration section */
		2F16B5F21EA502420068EE20 /* Debug */ = {
			isa = XCBuildConfiguration;
			buildSettings = {
				ALWAYS_SEARCH_USER_PATHS = NO;
				CLANG_ANALYZER_LOCALIZABILITY_NONLOCALIZED = YES;
				CLANG_ANALYZER_NONNULL = YES;
				CLANG_ANALYZER_NUMBER_OBJECT_CONVERSION = YES_AGGRESSIVE;
				CLANG_CXX_LANGUAGE_STANDARD = "gnu++0x";
				CLANG_CXX_LIBRARY = "libc++";
				CLANG_ENABLE_MODULES = YES;
				CLANG_ENABLE_OBJC_ARC = YES;
				CLANG_WARN_BLOCK_CAPTURE_AUTORELEASING = YES;
				CLANG_WARN_BOOL_CONVERSION = YES;
				CLANG_WARN_COMMA = YES;
				CLANG_WARN_CONSTANT_CONVERSION = YES;
				CLANG_WARN_DEPRECATED_OBJC_IMPLEMENTATIONS = YES;
				CLANG_WARN_DIRECT_OBJC_ISA_USAGE = YES_ERROR;
				CLANG_WARN_DOCUMENTATION_COMMENTS = YES;
				CLANG_WARN_EMPTY_BODY = YES;
				CLANG_WARN_ENUM_CONVERSION = YES;
				CLANG_WARN_INFINITE_RECURSION = YES;
				CLANG_WARN_INT_CONVERSION = YES;
				CLANG_WARN_NON_LITERAL_NULL_CONVERSION = YES;
				CLANG_WARN_OBJC_IMPLICIT_RETAIN_SELF = YES;
				CLANG_WARN_OBJC_LITERAL_CONVERSION = YES;
				CLANG_WARN_OBJC_ROOT_CLASS = YES_ERROR;
				CLANG_WARN_RANGE_LOOP_ANALYSIS = YES;
				CLANG_WARN_STRICT_PROTOTYPES = YES;
				CLANG_WARN_SUSPICIOUS_MOVE = YES;
				CLANG_WARN_UNREACHABLE_CODE = YES;
				CLANG_WARN__DUPLICATE_METHOD_MATCH = YES;
				"CODE_SIGN_IDENTITY[sdk=iphoneos*]" = "iPhone Developer";
				COPY_PHASE_STRIP = NO;
				DEBUG_INFORMATION_FORMAT = dwarf;
				ENABLE_STRICT_OBJC_MSGSEND = YES;
				ENABLE_TESTABILITY = YES;
				GCC_C_LANGUAGE_STANDARD = gnu99;
				GCC_DYNAMIC_NO_PIC = NO;
				GCC_NO_COMMON_BLOCKS = YES;
				GCC_OPTIMIZATION_LEVEL = 0;
				GCC_PREPROCESSOR_DEFINITIONS = (
					"DEBUG=1",
					"$(inherited)",
				);
				GCC_WARN_64_TO_32_BIT_CONVERSION = YES;
				GCC_WARN_ABOUT_RETURN_TYPE = YES_ERROR;
				GCC_WARN_UNDECLARED_SELECTOR = YES;
				GCC_WARN_UNINITIALIZED_AUTOS = YES_AGGRESSIVE;
				GCC_WARN_UNUSED_FUNCTION = YES;
				GCC_WARN_UNUSED_VARIABLE = YES;
				IPHONEOS_DEPLOYMENT_TARGET = 11.0;
				MTL_ENABLE_DEBUG_INFO = YES;
				ONLY_ACTIVE_ARCH = YES;
				SDKROOT = iphoneos;
				SWIFT_ACTIVE_COMPILATION_CONDITIONS = DEBUG;
				SWIFT_OPTIMIZATION_LEVEL = "-Onone";
				SWIFT_VERSION = 5.0;
			};
			name = Debug;
		};
		2F16B5F31EA502420068EE20 /* Release */ = {
			isa = XCBuildConfiguration;
			buildSettings = {
				ALWAYS_SEARCH_USER_PATHS = NO;
				CLANG_ANALYZER_LOCALIZABILITY_NONLOCALIZED = YES;
				CLANG_ANALYZER_NONNULL = YES;
				CLANG_ANALYZER_NUMBER_OBJECT_CONVERSION = YES_AGGRESSIVE;
				CLANG_CXX_LANGUAGE_STANDARD = "gnu++0x";
				CLANG_CXX_LIBRARY = "libc++";
				CLANG_ENABLE_MODULES = YES;
				CLANG_ENABLE_OBJC_ARC = YES;
				CLANG_WARN_BLOCK_CAPTURE_AUTORELEASING = YES;
				CLANG_WARN_BOOL_CONVERSION = YES;
				CLANG_WARN_COMMA = YES;
				CLANG_WARN_CONSTANT_CONVERSION = YES;
				CLANG_WARN_DEPRECATED_OBJC_IMPLEMENTATIONS = YES;
				CLANG_WARN_DIRECT_OBJC_ISA_USAGE = YES_ERROR;
				CLANG_WARN_DOCUMENTATION_COMMENTS = YES;
				CLANG_WARN_EMPTY_BODY = YES;
				CLANG_WARN_ENUM_CONVERSION = YES;
				CLANG_WARN_INFINITE_RECURSION = YES;
				CLANG_WARN_INT_CONVERSION = YES;
				CLANG_WARN_NON_LITERAL_NULL_CONVERSION = YES;
				CLANG_WARN_OBJC_IMPLICIT_RETAIN_SELF = YES;
				CLANG_WARN_OBJC_LITERAL_CONVERSION = YES;
				CLANG_WARN_OBJC_ROOT_CLASS = YES_ERROR;
				CLANG_WARN_RANGE_LOOP_ANALYSIS = YES;
				CLANG_WARN_STRICT_PROTOTYPES = YES;
				CLANG_WARN_SUSPICIOUS_MOVE = YES;
				CLANG_WARN_UNREACHABLE_CODE = YES;
				CLANG_WARN__DUPLICATE_METHOD_MATCH = YES;
				"CODE_SIGN_IDENTITY[sdk=iphoneos*]" = "iPhone Developer";
				COPY_PHASE_STRIP = NO;
				DEBUG_INFORMATION_FORMAT = "dwarf-with-dsym";
				ENABLE_NS_ASSERTIONS = NO;
				ENABLE_STRICT_OBJC_MSGSEND = YES;
				GCC_C_LANGUAGE_STANDARD = gnu99;
				GCC_NO_COMMON_BLOCKS = YES;
				GCC_WARN_64_TO_32_BIT_CONVERSION = YES;
				GCC_WARN_ABOUT_RETURN_TYPE = YES_ERROR;
				GCC_WARN_UNDECLARED_SELECTOR = YES;
				GCC_WARN_UNINITIALIZED_AUTOS = YES_AGGRESSIVE;
				GCC_WARN_UNUSED_FUNCTION = YES;
				GCC_WARN_UNUSED_VARIABLE = YES;
				IPHONEOS_DEPLOYMENT_TARGET = 11.0;
				MTL_ENABLE_DEBUG_INFO = NO;
				SDKROOT = iphoneos;
				SWIFT_COMPILATION_MODE = wholemodule;
				SWIFT_OPTIMIZATION_LEVEL = "-O";
				SWIFT_VERSION = 5.0;
				VALIDATE_PRODUCT = YES;
			};
			name = Release;
		};
		2F16B5F51EA502420068EE20 /* Debug */ = {
			isa = XCBuildConfiguration;
			baseConfigurationReference = 5B234EA6D38FE03BE17A7D68 /* Pods-Ruisi.debug.xcconfig */;
			buildSettings = {
				ALWAYS_EMBED_SWIFT_STANDARD_LIBRARIES = YES;
				ASSETCATALOG_COMPILER_APPICON_NAME = AppIcon;
				CODE_SIGN_ENTITLEMENTS = Ruisi/Ruisi.entitlements;
				DEVELOPMENT_TEAM = 3B86X32L6X;
				HEADER_SEARCH_PATHS = "$(SDKROOT)/usr/include/libxml2";
				INFOPLIST_FILE = Ruisi/Info.plist;
				IPHONEOS_DEPLOYMENT_TARGET = 11.0;
				LD_RUNPATH_SEARCH_PATHS = (
					"$(inherited)",
					"@executable_path/Frameworks",
				);
				PRODUCT_BUNDLE_IDENTIFIER = com.xdluoyang.Ruisi;
				PRODUCT_NAME = "$(TARGET_NAME)";
				SWIFT_INCLUDE_PATHS = "";
				SWIFT_VERSION = 5.0;
				TARGETED_DEVICE_FAMILY = "1,2";
			};
			name = Debug;
		};
		2F16B5F61EA502420068EE20 /* Release */ = {
			isa = XCBuildConfiguration;
			baseConfigurationReference = A84F4CE1CA58E76A05931BD1 /* Pods-Ruisi.release.xcconfig */;
			buildSettings = {
				ALWAYS_EMBED_SWIFT_STANDARD_LIBRARIES = YES;
				ASSETCATALOG_COMPILER_APPICON_NAME = AppIcon;
				CODE_SIGN_ENTITLEMENTS = Ruisi/Ruisi.entitlements;
				DEVELOPMENT_TEAM = 3B86X32L6X;
				HEADER_SEARCH_PATHS = "$(SDKROOT)/usr/include/libxml2";
				INFOPLIST_FILE = Ruisi/Info.plist;
				IPHONEOS_DEPLOYMENT_TARGET = 11.0;
				LD_RUNPATH_SEARCH_PATHS = (
					"$(inherited)",
					"@executable_path/Frameworks",
				);
				PRODUCT_BUNDLE_IDENTIFIER = com.xdluoyang.Ruisi;
				PRODUCT_NAME = "$(TARGET_NAME)";
				SWIFT_INCLUDE_PATHS = "";
				SWIFT_VERSION = 5.0;
				TARGETED_DEVICE_FAMILY = "1,2";
			};
			name = Release;
		};
/* End XCBuildConfiguration section */

/* Begin XCConfigurationList section */
		2F16B5DA1EA502420068EE20 /* Build configuration list for PBXProject "Ruisi" */ = {
			isa = XCConfigurationList;
			buildConfigurations = (
				2F16B5F21EA502420068EE20 /* Debug */,
				2F16B5F31EA502420068EE20 /* Release */,
			);
			defaultConfigurationIsVisible = 0;
			defaultConfigurationName = Release;
		};
		2F16B5F41EA502420068EE20 /* Build configuration list for PBXNativeTarget "Ruisi" */ = {
			isa = XCConfigurationList;
			buildConfigurations = (
				2F16B5F51EA502420068EE20 /* Debug */,
				2F16B5F61EA502420068EE20 /* Release */,
			);
			defaultConfigurationIsVisible = 0;
			defaultConfigurationName = Release;
		};
/* End XCConfigurationList section */
	};
	rootObject = 2F16B5D71EA502420068EE20 /* Project object */;
}
