// !$*UTF8*$!
{
	archiveVersion = 1;
	classes = {
	};
	objectVersion = 46;
	objects = {

/* Begin PBXBuildFile section */
		2F01C2381EFF946600102CF2 /* Kanna.swift in Sources */ = {isa = PBXBuildFile; fileRef = 2F01C2371EFF946600102CF2 /* Kanna.swift */; };
		2F01C23A1EFF947000102CF2 /* CSS.swift in Sources */ = {isa = PBXBuildFile; fileRef = 2F01C2391EFF947000102CF2 /* CSS.swift */; };
		2F01C23C1EFF949100102CF2 /* libxmlHTMLDocument.swift in Sources */ = {isa = PBXBuildFile; fileRef = 2F01C23B1EFF949100102CF2 /* libxmlHTMLDocument.swift */; };
		2F01C23E1EFF949600102CF2 /* libxmlHTMLNode.swift in Sources */ = {isa = PBXBuildFile; fileRef = 2F01C23D1EFF949600102CF2 /* libxmlHTMLNode.swift */; };
		2F01C2401EFF94A100102CF2 /* libxmlParserOption.swift in Sources */ = {isa = PBXBuildFile; fileRef = 2F01C23F1EFF94A100102CF2 /* libxmlParserOption.swift */; };
		2F01C2421EFF94B800102CF2 /* Modules in Resources */ = {isa = PBXBuildFile; fileRef = 2F01C2411EFF94B800102CF2 /* Modules */; };
		2F01C2461EFF9CE900102CF2 /* Launch.storyboard in Resources */ = {isa = PBXBuildFile; fileRef = 2F01C2451EFF9CE900102CF2 /* Launch.storyboard */; };
		2F01C24A1EFFA46400102CF2 /* MainViewController.swift in Sources */ = {isa = PBXBuildFile; fileRef = 2F01C2491EFFA46400102CF2 /* MainViewController.swift */; };
		2F01C24C1EFFAA2E00102CF2 /* ArticleListData.swift in Sources */ = {isa = PBXBuildFile; fileRef = 2F01C24B1EFFAA2E00102CF2 /* ArticleListData.swift */; };
		2F16B5E31EA502420068EE20 /* AppDelegate.swift in Sources */ = {isa = PBXBuildFile; fileRef = 2F16B5E21EA502420068EE20 /* AppDelegate.swift */; };
		2F16B5E81EA502420068EE20 /* Main.storyboard in Resources */ = {isa = PBXBuildFile; fileRef = 2F16B5E61EA502420068EE20 /* Main.storyboard */; };
		2F16B5EB1EA502420068EE20 /* Ruisi.xcdatamodeld in Sources */ = {isa = PBXBuildFile; fileRef = 2F16B5E91EA502420068EE20 /* Ruisi.xcdatamodeld */; };
		2F16B5ED1EA502420068EE20 /* Assets.xcassets in Resources */ = {isa = PBXBuildFile; fileRef = 2F16B5EC1EA502420068EE20 /* Assets.xcassets */; };
		2F16B5F81EA504330068EE20 /* ForumsController.swift in Sources */ = {isa = PBXBuildFile; fileRef = 2F16B5F71EA504330068EE20 /* ForumsController.swift */; };
		2F16B66C1EA504DD0068EE20 /* Forum.swift in Sources */ = {isa = PBXBuildFile; fileRef = 2F16B66B1EA504DD0068EE20 /* Forum.swift */; };
		2F16B7501EA50A390068EE20 /* assets in Resources */ = {isa = PBXBuildFile; fileRef = 2F16B74F1EA50A390068EE20 /* assets */; };
		2F175F811F01FCCA00DDEED9 /* Utils.swift in Sources */ = {isa = PBXBuildFile; fileRef = 2F175F801F01FCCA00DDEED9 /* Utils.swift */; };
		2F175F831F02976D00DDEED9 /* SettingViewController.swift in Sources */ = {isa = PBXBuildFile; fileRef = 2F175F821F02976D00DDEED9 /* SettingViewController.swift */; };
		2F35E9AA1F00A48700CDD60D /* Widgets.swift in Sources */ = {isa = PBXBuildFile; fileRef = 2F35E9A91F00A48700CDD60D /* Widgets.swift */; };
		2F35E9AE1F00F69E00CDD60D /* LoadMoreView.swift in Sources */ = {isa = PBXBuildFile; fileRef = 2F35E9AD1F00F69E00CDD60D /* LoadMoreView.swift */; };
		2F35E9B01F00F6ED00CDD60D /* LoadMoreView.xib in Resources */ = {isa = PBXBuildFile; fileRef = 2F35E9AF1F00F6ED00CDD60D /* LoadMoreView.xib */; };
		2F42FE901F03A31900CC8C92 /* HistoryViewController.swift in Sources */ = {isa = PBXBuildFile; fileRef = 2F42FE8F1F03A31900CC8C92 /* HistoryViewController.swift */; };
		2F42FE921F03A92300CC8C92 /* StarViewController.swift in Sources */ = {isa = PBXBuildFile; fileRef = 2F42FE911F03A92300CC8C92 /* StarViewController.swift */; };
		2F5DF0C51EFE750A00428EE1 /* Settings.swift in Sources */ = {isa = PBXBuildFile; fileRef = 2F5DF0C41EFE750A00428EE1 /* Settings.swift */; };
		2F5DF0C71EFE7A3200428EE1 /* HttpUtil.swift in Sources */ = {isa = PBXBuildFile; fileRef = 2F5DF0C61EFE7A3200428EE1 /* HttpUtil.swift */; };
		2F7C75B11EFE356F0067D499 /* SignViewController.swift in Sources */ = {isa = PBXBuildFile; fileRef = 2F7C75B01EFE356F0067D499 /* SignViewController.swift */; };
		2F8AD6961EA787EE002540AA /* LoginViewController.swift in Sources */ = {isa = PBXBuildFile; fileRef = 2F8AD6951EA787EE002540AA /* LoginViewController.swift */; };
		2F8AD6981EA7AF89002540AA /* DetailViewController.swift in Sources */ = {isa = PBXBuildFile; fileRef = 2F8AD6971EA7AF89002540AA /* DetailViewController.swift */; };
		2F8CDA4F1EFD782D006FE6EC /* AboutViewController.swift in Sources */ = {isa = PBXBuildFile; fileRef = 2F8CDA4E1EFD782D006FE6EC /* AboutViewController.swift */; };
		2F9771E51EA615A90058EDB4 /* MyViewController.swift in Sources */ = {isa = PBXBuildFile; fileRef = 2F9771E41EA615A90058EDB4 /* MyViewController.swift */; };
		2F9771E71EA648070058EDB4 /* HotViewController.swift in Sources */ = {isa = PBXBuildFile; fileRef = 2F9771E61EA648070058EDB4 /* HotViewController.swift */; };
		2F9772461EA65A3F0058EDB4 /* Constant.swift in Sources */ = {isa = PBXBuildFile; fileRef = 2F9772451EA65A3F0058EDB4 /* Constant.swift */; };
		2FA780ED1EA8603800ACBEAF /* PostViewController.swift in Sources */ = {isa = PBXBuildFile; fileRef = 2FA780EC1EA8603800ACBEAF /* PostViewController.swift */; };
		2FD4ADC81EA7371400602516 /* MessageViewController.swift in Sources */ = {isa = PBXBuildFile; fileRef = 2FD4ADC71EA7371400602516 /* MessageViewController.swift */; };
		2FD4ADCB1EA74D4200602516 /* ArrowLabel.swift in Sources */ = {isa = PBXBuildFile; fileRef = 2FD4ADCA1EA74D4200602516 /* ArrowLabel.swift */; };
		2FD4ADCD1EA75C3400602516 /* PostsViewController.swift in Sources */ = {isa = PBXBuildFile; fileRef = 2FD4ADCC1EA75C3400602516 /* PostsViewController.swift */; };
/* End PBXBuildFile section */

/* Begin PBXCopyFilesBuildPhase section */
		2F9772401EA652350058EDB4 /* Embed Frameworks */ = {
			isa = PBXCopyFilesBuildPhase;
			buildActionMask = 2147483647;
			dstPath = "";
			dstSubfolderSpec = 10;
			files = (
			);
			name = "Embed Frameworks";
			runOnlyForDeploymentPostprocessing = 0;
		};
/* End PBXCopyFilesBuildPhase section */

/* Begin PBXFileReference section */
		2F01C2371EFF946600102CF2 /* Kanna.swift */ = {isa = PBXFileReference; fileEncoding = 4; lastKnownFileType = sourcecode.swift; path = Kanna.swift; sourceTree = "<group>"; };
		2F01C2391EFF947000102CF2 /* CSS.swift */ = {isa = PBXFileReference; fileEncoding = 4; lastKnownFileType = sourcecode.swift; path = CSS.swift; sourceTree = "<group>"; };
		2F01C23B1EFF949100102CF2 /* libxmlHTMLDocument.swift */ = {isa = PBXFileReference; fileEncoding = 4; lastKnownFileType = sourcecode.swift; path = libxmlHTMLDocument.swift; sourceTree = "<group>"; };
		2F01C23D1EFF949600102CF2 /* libxmlHTMLNode.swift */ = {isa = PBXFileReference; fileEncoding = 4; lastKnownFileType = sourcecode.swift; path = libxmlHTMLNode.swift; sourceTree = "<group>"; };
		2F01C23F1EFF94A100102CF2 /* libxmlParserOption.swift */ = {isa = PBXFileReference; fileEncoding = 4; lastKnownFileType = sourcecode.swift; path = libxmlParserOption.swift; sourceTree = "<group>"; };
		2F01C2411EFF94B800102CF2 /* Modules */ = {isa = PBXFileReference; lastKnownFileType = folder; path = Modules; sourceTree = "<group>"; };
		2F01C2451EFF9CE900102CF2 /* Launch.storyboard */ = {isa = PBXFileReference; fileEncoding = 4; lastKnownFileType = file.storyboard; path = Launch.storyboard; sourceTree = "<group>"; };
		2F01C2491EFFA46400102CF2 /* MainViewController.swift */ = {isa = PBXFileReference; fileEncoding = 4; lastKnownFileType = sourcecode.swift; path = MainViewController.swift; sourceTree = "<group>"; };
		2F01C24B1EFFAA2E00102CF2 /* ArticleListData.swift */ = {isa = PBXFileReference; fileEncoding = 4; lastKnownFileType = sourcecode.swift; path = ArticleListData.swift; sourceTree = "<group>"; };
		2F16B5DF1EA502420068EE20 /* Ruisi.app */ = {isa = PBXFileReference; explicitFileType = wrapper.application; includeInIndex = 0; path = Ruisi.app; sourceTree = BUILT_PRODUCTS_DIR; };
		2F16B5E21EA502420068EE20 /* AppDelegate.swift */ = {isa = PBXFileReference; lastKnownFileType = sourcecode.swift; path = AppDelegate.swift; sourceTree = "<group>"; };
		2F16B5E71EA502420068EE20 /* Base */ = {isa = PBXFileReference; lastKnownFileType = file.storyboard; name = Base; path = Base.lproj/Main.storyboard; sourceTree = "<group>"; };
		2F16B5EA1EA502420068EE20 /* Ruisi.xcdatamodel */ = {isa = PBXFileReference; lastKnownFileType = wrapper.xcdatamodel; path = Ruisi.xcdatamodel; sourceTree = "<group>"; };
		2F16B5EC1EA502420068EE20 /* Assets.xcassets */ = {isa = PBXFileReference; lastKnownFileType = folder.assetcatalog; path = Assets.xcassets; sourceTree = "<group>"; };
		2F16B5F11EA502420068EE20 /* Info.plist */ = {isa = PBXFileReference; lastKnownFileType = text.plist.xml; path = Info.plist; sourceTree = "<group>"; };
		2F16B5F71EA504330068EE20 /* ForumsController.swift */ = {isa = PBXFileReference; fileEncoding = 4; lastKnownFileType = sourcecode.swift; path = ForumsController.swift; sourceTree = "<group>"; };
		2F16B66B1EA504DD0068EE20 /* Forum.swift */ = {isa = PBXFileReference; fileEncoding = 4; lastKnownFileType = sourcecode.swift; path = Forum.swift; sourceTree = "<group>"; };
		2F16B74F1EA50A390068EE20 /* assets */ = {isa = PBXFileReference; lastKnownFileType = folder; path = assets; sourceTree = "<group>"; };
		2F175F801F01FCCA00DDEED9 /* Utils.swift */ = {isa = PBXFileReference; fileEncoding = 4; lastKnownFileType = sourcecode.swift; path = Utils.swift; sourceTree = "<group>"; };
		2F175F821F02976D00DDEED9 /* SettingViewController.swift */ = {isa = PBXFileReference; fileEncoding = 4; lastKnownFileType = sourcecode.swift; path = SettingViewController.swift; sourceTree = "<group>"; };
		2F35E9A91F00A48700CDD60D /* Widgets.swift */ = {isa = PBXFileReference; fileEncoding = 4; lastKnownFileType = sourcecode.swift; path = Widgets.swift; sourceTree = "<group>"; };
		2F35E9AD1F00F69E00CDD60D /* LoadMoreView.swift */ = {isa = PBXFileReference; fileEncoding = 4; lastKnownFileType = sourcecode.swift; path = LoadMoreView.swift; sourceTree = "<group>"; };
		2F35E9AF1F00F6ED00CDD60D /* LoadMoreView.xib */ = {isa = PBXFileReference; fileEncoding = 4; lastKnownFileType = file.xib; path = LoadMoreView.xib; sourceTree = "<group>"; };
		2F42FE8F1F03A31900CC8C92 /* HistoryViewController.swift */ = {isa = PBXFileReference; fileEncoding = 4; lastKnownFileType = sourcecode.swift; path = HistoryViewController.swift; sourceTree = "<group>"; };
		2F42FE911F03A92300CC8C92 /* StarViewController.swift */ = {isa = PBXFileReference; fileEncoding = 4; lastKnownFileType = sourcecode.swift; path = StarViewController.swift; sourceTree = "<group>"; };
		2F5DF0C41EFE750A00428EE1 /* Settings.swift */ = {isa = PBXFileReference; fileEncoding = 4; lastKnownFileType = sourcecode.swift; path = Settings.swift; sourceTree = "<group>"; };
		2F5DF0C61EFE7A3200428EE1 /* HttpUtil.swift */ = {isa = PBXFileReference; fileEncoding = 4; lastKnownFileType = sourcecode.swift; path = HttpUtil.swift; sourceTree = "<group>"; };
		2F7C75B01EFE356F0067D499 /* SignViewController.swift */ = {isa = PBXFileReference; fileEncoding = 4; lastKnownFileType = sourcecode.swift; path = SignViewController.swift; sourceTree = "<group>"; };
		2F8AD6951EA787EE002540AA /* LoginViewController.swift */ = {isa = PBXFileReference; fileEncoding = 4; lastKnownFileType = sourcecode.swift; path = LoginViewController.swift; sourceTree = "<group>"; };
		2F8AD6971EA7AF89002540AA /* DetailViewController.swift */ = {isa = PBXFileReference; fileEncoding = 4; lastKnownFileType = sourcecode.swift; path = DetailViewController.swift; sourceTree = "<group>"; };
		2F8CDA4E1EFD782D006FE6EC /* AboutViewController.swift */ = {isa = PBXFileReference; fileEncoding = 4; lastKnownFileType = sourcecode.swift; path = AboutViewController.swift; sourceTree = "<group>"; };
		2F9771E41EA615A90058EDB4 /* MyViewController.swift */ = {isa = PBXFileReference; fileEncoding = 4; lastKnownFileType = sourcecode.swift; path = MyViewController.swift; sourceTree = "<group>"; };
		2F9771E61EA648070058EDB4 /* HotViewController.swift */ = {isa = PBXFileReference; fileEncoding = 4; lastKnownFileType = sourcecode.swift; path = HotViewController.swift; sourceTree = "<group>"; };
		2F9772451EA65A3F0058EDB4 /* Constant.swift */ = {isa = PBXFileReference; fileEncoding = 4; lastKnownFileType = sourcecode.swift; path = Constant.swift; sourceTree = "<group>"; };
		2FA780EC1EA8603800ACBEAF /* PostViewController.swift */ = {isa = PBXFileReference; fileEncoding = 4; lastKnownFileType = sourcecode.swift; path = PostViewController.swift; sourceTree = "<group>"; };
		2FD4ADC71EA7371400602516 /* MessageViewController.swift */ = {isa = PBXFileReference; fileEncoding = 4; lastKnownFileType = sourcecode.swift; path = MessageViewController.swift; sourceTree = "<group>"; };
		2FD4ADCA1EA74D4200602516 /* ArrowLabel.swift */ = {isa = PBXFileReference; fileEncoding = 4; lastKnownFileType = sourcecode.swift; path = ArrowLabel.swift; sourceTree = "<group>"; };
		2FD4ADCC1EA75C3400602516 /* PostsViewController.swift */ = {isa = PBXFileReference; fileEncoding = 4; lastKnownFileType = sourcecode.swift; path = PostsViewController.swift; sourceTree = "<group>"; };
/* End PBXFileReference section */

/* Begin PBXFrameworksBuildPhase section */
		2F16B5DC1EA502420068EE20 /* Frameworks */ = {
			isa = PBXFrameworksBuildPhase;
			buildActionMask = 2147483647;
			files = (
			);
			runOnlyForDeploymentPostprocessing = 0;
		};
/* End PBXFrameworksBuildPhase section */

/* Begin PBXGroup section */
		2F01C2351EFF8FC600102CF2 /* controller */ = {
			isa = PBXGroup;
			children = (
				2F01C2491EFFA46400102CF2 /* MainViewController.swift */,
				2F16B5F71EA504330068EE20 /* ForumsController.swift */,
				2FD4ADC71EA7371400602516 /* MessageViewController.swift */,
				2F8AD6951EA787EE002540AA /* LoginViewController.swift */,
				2F8AD6971EA7AF89002540AA /* DetailViewController.swift */,
				2FD4ADCC1EA75C3400602516 /* PostsViewController.swift */,
				2FA780EC1EA8603800ACBEAF /* PostViewController.swift */,
				2F8CDA4E1EFD782D006FE6EC /* AboutViewController.swift */,
				2F7C75B01EFE356F0067D499 /* SignViewController.swift */,
				2F9771E61EA648070058EDB4 /* HotViewController.swift */,
				2F9771E41EA615A90058EDB4 /* MyViewController.swift */,
				2F175F821F02976D00DDEED9 /* SettingViewController.swift */,
				2F42FE8F1F03A31900CC8C92 /* HistoryViewController.swift */,
				2F42FE911F03A92300CC8C92 /* StarViewController.swift */,
			);
			name = controller;
			sourceTree = "<group>";
		};
		2F01C2361EFF942600102CF2 /* Kanna */ = {
			isa = PBXGroup;
			children = (
				2F01C2371EFF946600102CF2 /* Kanna.swift */,
				2F01C2391EFF947000102CF2 /* CSS.swift */,
				2F01C23B1EFF949100102CF2 /* libxmlHTMLDocument.swift */,
				2F01C23D1EFF949600102CF2 /* libxmlHTMLNode.swift */,
				2F01C23F1EFF94A100102CF2 /* libxmlParserOption.swift */,
				2F01C2411EFF94B800102CF2 /* Modules */,
			);
			name = Kanna;
			sourceTree = "<group>";
		};
		2F16B5D61EA502420068EE20 = {
			isa = PBXGroup;
			children = (
				2F16B5E11EA502420068EE20 /* Ruisi */,
				2F16B5E01EA502420068EE20 /* Products */,
				2F97723A1EA651AA0058EDB4 /* Frameworks */,
			);
			sourceTree = "<group>";
		};
		2F16B5E01EA502420068EE20 /* Products */ = {
			isa = PBXGroup;
			children = (
				2F16B5DF1EA502420068EE20 /* Ruisi.app */,
			);
			name = Products;
			sourceTree = "<group>";
		};
		2F16B5E11EA502420068EE20 /* Ruisi */ = {
			isa = PBXGroup;
			children = (
				2F01C2351EFF8FC600102CF2 /* controller */,
				2F16B66A1EA504CB0068EE20 /* model */,
				2FD4ADC91EA74D2300602516 /* widget */,
				2F01C2361EFF942600102CF2 /* Kanna */,
				2F16B74F1EA50A390068EE20 /* assets */,
				2F16B5E21EA502420068EE20 /* AppDelegate.swift */,
				2F16B5E61EA502420068EE20 /* Main.storyboard */,
				2F16B5EC1EA502420068EE20 /* Assets.xcassets */,
				2F01C2451EFF9CE900102CF2 /* Launch.storyboard */,
				2F16B5F11EA502420068EE20 /* Info.plist */,
				2F16B5E91EA502420068EE20 /* Ruisi.xcdatamodeld */,
				2F9772451EA65A3F0058EDB4 /* Constant.swift */,
				2F5DF0C41EFE750A00428EE1 /* Settings.swift */,
				2F5DF0C61EFE7A3200428EE1 /* HttpUtil.swift */,
				2F175F801F01FCCA00DDEED9 /* Utils.swift */,
			);
			path = Ruisi;
			sourceTree = "<group>";
		};
		2F16B66A1EA504CB0068EE20 /* model */ = {
			isa = PBXGroup;
			children = (
				2F16B66B1EA504DD0068EE20 /* Forum.swift */,
				2F01C24B1EFFAA2E00102CF2 /* ArticleListData.swift */,
			);
			name = model;
			sourceTree = "<group>";
		};
		2F97723A1EA651AA0058EDB4 /* Frameworks */ = {
			isa = PBXGroup;
			children = (
			);
			name = Frameworks;
			sourceTree = "<group>";
		};
		2FD4ADC91EA74D2300602516 /* widget */ = {
			isa = PBXGroup;
			children = (
				2FD4ADCA1EA74D4200602516 /* ArrowLabel.swift */,
				2F35E9A91F00A48700CDD60D /* Widgets.swift */,
				2F35E9AD1F00F69E00CDD60D /* LoadMoreView.swift */,
				2F35E9AF1F00F6ED00CDD60D /* LoadMoreView.xib */,
			);
			name = widget;
			sourceTree = "<group>";
		};
/* End PBXGroup section */

/* Begin PBXNativeTarget section */
		2F16B5DE1EA502420068EE20 /* Ruisi */ = {
			isa = PBXNativeTarget;
			buildConfigurationList = 2F16B5F41EA502420068EE20 /* Build configuration list for PBXNativeTarget "Ruisi" */;
			buildPhases = (
				2F16B5DB1EA502420068EE20 /* Sources */,
				2F16B5DC1EA502420068EE20 /* Frameworks */,
				2F16B5DD1EA502420068EE20 /* Resources */,
				2F9772401EA652350058EDB4 /* Embed Frameworks */,
			);
			buildRules = (
			);
			dependencies = (
			);
			name = Ruisi;
			productName = Ruisi;
			productReference = 2F16B5DF1EA502420068EE20 /* Ruisi.app */;
			productType = "com.apple.product-type.application";
		};
/* End PBXNativeTarget section */

/* Begin PBXProject section */
		2F16B5D71EA502420068EE20 /* Project object */ = {
			isa = PBXProject;
			attributes = {
				LastSwiftUpdateCheck = 0830;
				LastUpgradeCheck = 0830;
				ORGANIZATIONNAME = yang;
				TargetAttributes = {
					2F16B5DE1EA502420068EE20 = {
						CreatedOnToolsVersion = 8.3.1;
						DevelopmentTeam = 3B86X32L6X;
						ProvisioningStyle = Automatic;
					};
				};
			};
			buildConfigurationList = 2F16B5DA1EA502420068EE20 /* Build configuration list for PBXProject "Ruisi" */;
			compatibilityVersion = "Xcode 3.2";
			developmentRegion = English;
			hasScannedForEncodings = 0;
			knownRegions = (
				en,
				Base,
			);
			mainGroup = 2F16B5D61EA502420068EE20;
			productRefGroup = 2F16B5E01EA502420068EE20 /* Products */;
			projectDirPath = "";
			projectRoot = "";
			targets = (
				2F16B5DE1EA502420068EE20 /* Ruisi */,
			);
		};
/* End PBXProject section */

/* Begin PBXResourcesBuildPhase section */
		2F16B5DD1EA502420068EE20 /* Resources */ = {
			isa = PBXResourcesBuildPhase;
			buildActionMask = 2147483647;
			files = (
				2F35E9B01F00F6ED00CDD60D /* LoadMoreView.xib in Resources */,
				2F01C2421EFF94B800102CF2 /* Modules in Resources */,
				2F16B7501EA50A390068EE20 /* assets in Resources */,
				2F16B5ED1EA502420068EE20 /* Assets.xcassets in Resources */,
				2F16B5E81EA502420068EE20 /* Main.storyboard in Resources */,
				2F01C2461EFF9CE900102CF2 /* Launch.storyboard in Resources */,
			);
			runOnlyForDeploymentPostprocessing = 0;
		};
/* End PBXResourcesBuildPhase section */

/* Begin PBXSourcesBuildPhase section */
		2F16B5DB1EA502420068EE20 /* Sources */ = {
			isa = PBXSourcesBuildPhase;
			buildActionMask = 2147483647;
			files = (
				2F42FE901F03A31900CC8C92 /* HistoryViewController.swift in Sources */,
				2F9772461EA65A3F0058EDB4 /* Constant.swift in Sources */,
				2F01C24A1EFFA46400102CF2 /* MainViewController.swift in Sources */,
				2F175F811F01FCCA00DDEED9 /* Utils.swift in Sources */,
				2F42FE921F03A92300CC8C92 /* StarViewController.swift in Sources */,
				2F01C24C1EFFAA2E00102CF2 /* ArticleListData.swift in Sources */,
				2F9771E71EA648070058EDB4 /* HotViewController.swift in Sources */,
				2F16B5F81EA504330068EE20 /* ForumsController.swift in Sources */,
				2F01C23C1EFF949100102CF2 /* libxmlHTMLDocument.swift in Sources */,
				2FA780ED1EA8603800ACBEAF /* PostViewController.swift in Sources */,
				2F5DF0C71EFE7A3200428EE1 /* HttpUtil.swift in Sources */,
				2F35E9AE1F00F69E00CDD60D /* LoadMoreView.swift in Sources */,
				2F8AD6981EA7AF89002540AA /* DetailViewController.swift in Sources */,
				2F16B5E31EA502420068EE20 /* AppDelegate.swift in Sources */,
				2FD4ADCD1EA75C3400602516 /* PostsViewController.swift in Sources */,
				2F01C2401EFF94A100102CF2 /* libxmlParserOption.swift in Sources */,
				2F7C75B11EFE356F0067D499 /* SignViewController.swift in Sources */,
				2F35E9AA1F00A48700CDD60D /* Widgets.swift in Sources */,
				2F16B5EB1EA502420068EE20 /* Ruisi.xcdatamodeld in Sources */,
				2F16B66C1EA504DD0068EE20 /* Forum.swift in Sources */,
				2F5DF0C51EFE750A00428EE1 /* Settings.swift in Sources */,
				2F175F831F02976D00DDEED9 /* SettingViewController.swift in Sources */,
				2FD4ADCB1EA74D4200602516 /* ArrowLabel.swift in Sources */,
				2F8CDA4F1EFD782D006FE6EC /* AboutViewController.swift in Sources */,
				2F01C23E1EFF949600102CF2 /* libxmlHTMLNode.swift in Sources */,
				2FD4ADC81EA7371400602516 /* MessageViewController.swift in Sources */,
				2F9771E51EA615A90058EDB4 /* MyViewController.swift in Sources */,
				2F01C23A1EFF947000102CF2 /* CSS.swift in Sources */,
				2F8AD6961EA787EE002540AA /* LoginViewController.swift in Sources */,
				2F01C2381EFF946600102CF2 /* Kanna.swift in Sources */,
			);
			runOnlyForDeploymentPostprocessing = 0;
		};
/* End PBXSourcesBuildPhase section */

/* Begin PBXVariantGroup section */
		2F16B5E61EA502420068EE20 /* Main.storyboard */ = {
			isa = PBXVariantGroup;
			children = (
				2F16B5E71EA502420068EE20 /* Base */,
			);
			name = Main.storyboard;
			sourceTree = "<group>";
		};
/* End PBXVariantGroup section */

/* Begin XCBuildConfiguration section */
		2F16B5F21EA502420068EE20 /* Debug */ = {
			isa = XCBuildConfiguration;
			buildSettings = {
				ALWAYS_SEARCH_USER_PATHS = NO;
				CLANG_ANALYZER_NONNULL = YES;
				CLANG_ANALYZER_NUMBER_OBJECT_CONVERSION = YES_AGGRESSIVE;
				CLANG_CXX_LANGUAGE_STANDARD = "gnu++0x";
				CLANG_CXX_LIBRARY = "libc++";
				CLANG_ENABLE_MODULES = YES;
				CLANG_ENABLE_OBJC_ARC = YES;
				CLANG_WARN_BOOL_CONVERSION = YES;
				CLANG_WARN_CONSTANT_CONVERSION = YES;
				CLANG_WARN_DIRECT_OBJC_ISA_USAGE = YES_ERROR;
				CLANG_WARN_DOCUMENTATION_COMMENTS = YES;
				CLANG_WARN_EMPTY_BODY = YES;
				CLANG_WARN_ENUM_CONVERSION = YES;
				CLANG_WARN_INFINITE_RECURSION = YES;
				CLANG_WARN_INT_CONVERSION = YES;
				CLANG_WARN_OBJC_ROOT_CLASS = YES_ERROR;
				CLANG_WARN_SUSPICIOUS_MOVE = YES;
				CLANG_WARN_UNREACHABLE_CODE = YES;
				CLANG_WARN__DUPLICATE_METHOD_MATCH = YES;
				"CODE_SIGN_IDENTITY[sdk=iphoneos*]" = "iPhone Developer";
				COPY_PHASE_STRIP = NO;
				DEBUG_INFORMATION_FORMAT = dwarf;
				ENABLE_STRICT_OBJC_MSGSEND = YES;
				ENABLE_TESTABILITY = YES;
				GCC_C_LANGUAGE_STANDARD = gnu99;
				GCC_DYNAMIC_NO_PIC = NO;
				GCC_NO_COMMON_BLOCKS = YES;
				GCC_OPTIMIZATION_LEVEL = 0;
				GCC_PREPROCESSOR_DEFINITIONS = (
					"DEBUG=1",
					"$(inherited)",
				);
				GCC_WARN_64_TO_32_BIT_CONVERSION = YES;
				GCC_WARN_ABOUT_RETURN_TYPE = YES_ERROR;
				GCC_WARN_UNDECLARED_SELECTOR = YES;
				GCC_WARN_UNINITIALIZED_AUTOS = YES_AGGRESSIVE;
				GCC_WARN_UNUSED_FUNCTION = YES;
				GCC_WARN_UNUSED_VARIABLE = YES;
				IPHONEOS_DEPLOYMENT_TARGET = 10.3;
				MTL_ENABLE_DEBUG_INFO = YES;
				ONLY_ACTIVE_ARCH = YES;
				SDKROOT = iphoneos;
				SWIFT_ACTIVE_COMPILATION_CONDITIONS = DEBUG;
				SWIFT_OPTIMIZATION_LEVEL = "-Onone";
			};
			name = Debug;
		};
		2F16B5F31EA502420068EE20 /* Release */ = {
			isa = XCBuildConfiguration;
			buildSettings = {
				ALWAYS_SEARCH_USER_PATHS = NO;
				CLANG_ANALYZER_NONNULL = YES;
				CLANG_ANALYZER_NUMBER_OBJECT_CONVERSION = YES_AGGRESSIVE;
				CLANG_CXX_LANGUAGE_STANDARD = "gnu++0x";
				CLANG_CXX_LIBRARY = "libc++";
				CLANG_ENABLE_MODULES = YES;
				CLANG_ENABLE_OBJC_ARC = YES;
				CLANG_WARN_BOOL_CONVERSION = YES;
				CLANG_WARN_CONSTANT_CONVERSION = YES;
				CLANG_WARN_DIRECT_OBJC_ISA_USAGE = YES_ERROR;
				CLANG_WARN_DOCUMENTATION_COMMENTS = YES;
				CLANG_WARN_EMPTY_BODY = YES;
				CLANG_WARN_ENUM_CONVERSION = YES;
				CLANG_WARN_INFINITE_RECURSION = YES;
				CLANG_WARN_INT_CONVERSION = YES;
				CLANG_WARN_OBJC_ROOT_CLASS = YES_ERROR;
				CLANG_WARN_SUSPICIOUS_MOVE = YES;
				CLANG_WARN_UNREACHABLE_CODE = YES;
				CLANG_WARN__DUPLICATE_METHOD_MATCH = YES;
				"CODE_SIGN_IDENTITY[sdk=iphoneos*]" = "iPhone Developer";
				COPY_PHASE_STRIP = NO;
				DEBUG_INFORMATION_FORMAT = "dwarf-with-dsym";
				ENABLE_NS_ASSERTIONS = NO;
				ENABLE_STRICT_OBJC_MSGSEND = YES;
				GCC_C_LANGUAGE_STANDARD = gnu99;
				GCC_NO_COMMON_BLOCKS = YES;
				GCC_WARN_64_TO_32_BIT_CONVERSION = YES;
				GCC_WARN_ABOUT_RETURN_TYPE = YES_ERROR;
				GCC_WARN_UNDECLARED_SELECTOR = YES;
				GCC_WARN_UNINITIALIZED_AUTOS = YES_AGGRESSIVE;
				GCC_WARN_UNUSED_FUNCTION = YES;
				GCC_WARN_UNUSED_VARIABLE = YES;
				IPHONEOS_DEPLOYMENT_TARGET = 10.3;
				MTL_ENABLE_DEBUG_INFO = NO;
				SDKROOT = iphoneos;
				SWIFT_OPTIMIZATION_LEVEL = "-Owholemodule";
				VALIDATE_PRODUCT = YES;
			};
			name = Release;
		};
		2F16B5F51EA502420068EE20 /* Debug */ = {
			isa = XCBuildConfiguration;
			buildSettings = {
				ASSETCATALOG_COMPILER_APPICON_NAME = AppIcon;
				ASSETCATALOG_COMPILER_LAUNCHIMAGE_NAME = LaunchImage;
				DEVELOPMENT_TEAM = 3B86X32L6X;
				HEADER_SEARCH_PATHS = "$(SDKROOT)/usr/include/libxml2";
				INFOPLIST_FILE = Ruisi/Info.plist;
				LD_RUNPATH_SEARCH_PATHS = "$(inherited) @executable_path/Frameworks";
				PRODUCT_BUNDLE_IDENTIFIER = me.yluo.Ruisi;
				PRODUCT_NAME = "$(TARGET_NAME)";
				SWIFT_INCLUDE_PATHS = "$(SRCROOT)/Ruisi/Modules";
				SWIFT_VERSION = 3.0;
			};
			name = Debug;
		};
		2F16B5F61EA502420068EE20 /* Release */ = {
			isa = XCBuildConfiguration;
			buildSettings = {
				ASSETCATALOG_COMPILER_APPICON_NAME = AppIcon;
				ASSETCATALOG_COMPILER_LAUNCHIMAGE_NAME = LaunchImage;
				DEVELOPMENT_TEAM = 3B86X32L6X;
				HEADER_SEARCH_PATHS = "$(SDKROOT)/usr/include/libxml2";
				INFOPLIST_FILE = Ruisi/Info.plist;
				LD_RUNPATH_SEARCH_PATHS = "$(inherited) @executable_path/Frameworks";
				PRODUCT_BUNDLE_IDENTIFIER = me.yluo.Ruisi;
				PRODUCT_NAME = "$(TARGET_NAME)";
				SWIFT_INCLUDE_PATHS = "$(SRCROOT)/Ruisi/Modules";
				SWIFT_VERSION = 3.0;
			};
			name = Release;
		};
/* End XCBuildConfiguration section */

/* Begin XCConfigurationList section */
		2F16B5DA1EA502420068EE20 /* Build configuration list for PBXProject "Ruisi" */ = {
			isa = XCConfigurationList;
			buildConfigurations = (
				2F16B5F21EA502420068EE20 /* Debug */,
				2F16B5F31EA502420068EE20 /* Release */,
			);
			defaultConfigurationIsVisible = 0;
			defaultConfigurationName = Release;
		};
		2F16B5F41EA502420068EE20 /* Build configuration list for PBXNativeTarget "Ruisi" */ = {
			isa = XCConfigurationList;
			buildConfigurations = (
				2F16B5F51EA502420068EE20 /* Debug */,
				2F16B5F61EA502420068EE20 /* Release */,
			);
			defaultConfigurationIsVisible = 0;
			defaultConfigurationName = Release;
		};
/* End XCConfigurationList section */

/* Begin XCVersionGroup section */
		2F16B5E91EA502420068EE20 /* Ruisi.xcdatamodeld */ = {
			isa = XCVersionGroup;
			children = (
				2F16B5EA1EA502420068EE20 /* Ruisi.xcdatamodel */,
			);
			currentVersion = 2F16B5EA1EA502420068EE20 /* Ruisi.xcdatamodel */;
			path = Ruisi.xcdatamodeld;
			sourceTree = "<group>";
			versionGroupType = wrapper.xcdatamodel;
		};
/* End XCVersionGroup section */
	};
	rootObject = 2F16B5D71EA502420068EE20 /* Project object */;
}
